// !$*UTF8*$!
{
	archiveVersion = 1;
	classes = {
	};
	objectVersion = 46;
	objects = {

/* Begin PBXBuildFile section */
		A56F2E441EC5D9E900DCF2D2 /* Main.storyboard in Resources */ = {isa = PBXBuildFile; fileRef = A56F2E421EC5D9E900DCF2D2 /* Main.storyboard */; };
		A56F2E461EC5D9E900DCF2D2 /* Assets.xcassets in Resources */ = {isa = PBXBuildFile; fileRef = A56F2E451EC5D9E900DCF2D2 /* Assets.xcassets */; };
		A56F2E491EC5D9E900DCF2D2 /* LaunchScreen.storyboard in Resources */ = {isa = PBXBuildFile; fileRef = A56F2E471EC5D9E900DCF2D2 /* LaunchScreen.storyboard */; };
		A5F6E16E1ECDC27000C2C8AC /* AppDelegate.m in Sources */ = {isa = PBXBuildFile; fileRef = A5F6E1641ECDC27000C2C8AC /* AppDelegate.m */; };
		A5F6E16F1ECDC27100C2C8AC /* main.m in Sources */ = {isa = PBXBuildFile; fileRef = A5F6E1651ECDC27000C2C8AC /* main.m */; };
		A5F6E1721ECDC6B800C2C8AC /* YYHTabBarViewController.m in Sources */ = {isa = PBXBuildFile; fileRef = A5F6E1711ECDC6B800C2C8AC /* YYHTabBarViewController.m */; };
		A5F6E1751ECDC6D600C2C8AC /* YYHNavigationController.m in Sources */ = {isa = PBXBuildFile; fileRef = A5F6E1741ECDC6D600C2C8AC /* YYHNavigationController.m */; };
		A5F6E17B1ECDC77600C2C8AC /* UIBarButtonItem+YYHBarButton.m in Sources */ = {isa = PBXBuildFile; fileRef = A5F6E1781ECDC77600C2C8AC /* UIBarButtonItem+YYHBarButton.m */; };
		A5F6E17C1ECDC77600C2C8AC /* UIImage+WithoutRendering.m in Sources */ = {isa = PBXBuildFile; fileRef = A5F6E17A1ECDC77600C2C8AC /* UIImage+WithoutRendering.m */; };
		A5F6E17F1ECDC7BB00C2C8AC /* YYHConst.m in Sources */ = {isa = PBXBuildFile; fileRef = A5F6E17E1ECDC7BB00C2C8AC /* YYHConst.m */; };
		A5F6E1831ECDCA7C00C2C8AC /* UIView+YYHFrame.m in Sources */ = {isa = PBXBuildFile; fileRef = A5F6E1821ECDCA7C00C2C8AC /* UIView+YYHFrame.m */; };
		A5F6E1861ECDCB1C00C2C8AC /* YYHStatictisController.m in Sources */ = {isa = PBXBuildFile; fileRef = A5F6E1851ECDCB1C00C2C8AC /* YYHStatictisController.m */; };
		A5F6E1891ECDCB3400C2C8AC /* YYHSettingController.m in Sources */ = {isa = PBXBuildFile; fileRef = A5F6E1881ECDCB3400C2C8AC /* YYHSettingController.m */; };
		A5F6E18C1ECDCC9D00C2C8AC /* YYHHomeViewController.m in Sources */ = {isa = PBXBuildFile; fileRef = A5F6E18B1ECDCC9D00C2C8AC /* YYHHomeViewController.m */; };
		A5F6E1A71ECDD49A00C2C8AC /* MJDictionaryCache.m in Sources */ = {isa = PBXBuildFile; fileRef = A5F6E1911ECDD49A00C2C8AC /* MJDictionaryCache.m */; };
		A5F6E1A81ECDD49A00C2C8AC /* MJExtensionConst.m in Sources */ = {isa = PBXBuildFile; fileRef = A5F6E1941ECDD49A00C2C8AC /* MJExtensionConst.m */; };
		A5F6E1A91ECDD49A00C2C8AC /* MJFoundation.m in Sources */ = {isa = PBXBuildFile; fileRef = A5F6E1961ECDD49A00C2C8AC /* MJFoundation.m */; };
		A5F6E1AA1ECDD49A00C2C8AC /* MJProperty.m in Sources */ = {isa = PBXBuildFile; fileRef = A5F6E1981ECDD49A00C2C8AC /* MJProperty.m */; };
		A5F6E1AB1ECDD49A00C2C8AC /* MJPropertyKey.m in Sources */ = {isa = PBXBuildFile; fileRef = A5F6E19A1ECDD49A00C2C8AC /* MJPropertyKey.m */; };
		A5F6E1AC1ECDD49A00C2C8AC /* MJPropertyType.m in Sources */ = {isa = PBXBuildFile; fileRef = A5F6E19C1ECDD49A00C2C8AC /* MJPropertyType.m */; };
		A5F6E1AD1ECDD49A00C2C8AC /* NSObject+MJClass.m in Sources */ = {isa = PBXBuildFile; fileRef = A5F6E19E1ECDD49A00C2C8AC /* NSObject+MJClass.m */; };
		A5F6E1AE1ECDD49A00C2C8AC /* NSObject+MJCoding.m in Sources */ = {isa = PBXBuildFile; fileRef = A5F6E1A01ECDD49A00C2C8AC /* NSObject+MJCoding.m */; };
		A5F6E1AF1ECDD49A00C2C8AC /* NSObject+MJKeyValue.m in Sources */ = {isa = PBXBuildFile; fileRef = A5F6E1A21ECDD49A00C2C8AC /* NSObject+MJKeyValue.m */; };
		A5F6E1B01ECDD49A00C2C8AC /* NSObject+MJProperty.m in Sources */ = {isa = PBXBuildFile; fileRef = A5F6E1A41ECDD49A00C2C8AC /* NSObject+MJProperty.m */; };
		A5F6E1B11ECDD49A00C2C8AC /* NSString+MJExtension.m in Sources */ = {isa = PBXBuildFile; fileRef = A5F6E1A61ECDD49A00C2C8AC /* NSString+MJExtension.m */; };
		A5F6E1B41ECDD4F900C2C8AC /* YYHQuestionItem.m in Sources */ = {isa = PBXBuildFile; fileRef = A5F6E1B31ECDD4F900C2C8AC /* YYHQuestionItem.m */; };
		A5F6E1B81ECDD71100C2C8AC /* YYHQuestionTableViewCell.m in Sources */ = {isa = PBXBuildFile; fileRef = A5F6E1B61ECDD71100C2C8AC /* YYHQuestionTableViewCell.m */; };
		A5F6E1B91ECDD71100C2C8AC /* YYHQuestionTableViewCell.xib in Resources */ = {isa = PBXBuildFile; fileRef = A5F6E1B71ECDD71100C2C8AC /* YYHQuestionTableViewCell.xib */; };
		A5F6E2471ED1A9E200C2C8AC /* YYHChooseTypeView.m in Sources */ = {isa = PBXBuildFile; fileRef = A5F6E2461ED1A9E200C2C8AC /* YYHChooseTypeView.m */; };
		A5F6E2491ED1A9EA00C2C8AC /* YYHChooseTypeView.xib in Resources */ = {isa = PBXBuildFile; fileRef = A5F6E2481ED1A9EA00C2C8AC /* YYHChooseTypeView.xib */; };
		A5F6E24B1ED1B08100C2C8AC /* YYHHomeViewController.storyboard in Resources */ = {isa = PBXBuildFile; fileRef = A5F6E24A1ED1B08100C2C8AC /* YYHHomeViewController.storyboard */; };
/* End PBXBuildFile section */

/* Begin PBXFileReference section */
		A56F2E361EC5D9E900DCF2D2 /* NZ Driving Test.app */ = {isa = PBXFileReference; explicitFileType = wrapper.application; includeInIndex = 0; path = "NZ Driving Test.app"; sourceTree = BUILT_PRODUCTS_DIR; };
		A56F2E431EC5D9E900DCF2D2 /* Base */ = {isa = PBXFileReference; lastKnownFileType = file.storyboard; name = Base; path = Base.lproj/Main.storyboard; sourceTree = "<group>"; };
		A56F2E451EC5D9E900DCF2D2 /* Assets.xcassets */ = {isa = PBXFileReference; lastKnownFileType = folder.assetcatalog; path = Assets.xcassets; sourceTree = "<group>"; };
		A56F2E481EC5D9E900DCF2D2 /* Base */ = {isa = PBXFileReference; lastKnownFileType = file.storyboard; name = Base; path = Base.lproj/LaunchScreen.storyboard; sourceTree = "<group>"; };
		A56F2E4A1EC5D9E900DCF2D2 /* Info.plist */ = {isa = PBXFileReference; lastKnownFileType = text.plist.xml; path = Info.plist; sourceTree = "<group>"; };
		A5F6E1631ECDC27000C2C8AC /* AppDelegate.h */ = {isa = PBXFileReference; fileEncoding = 4; lastKnownFileType = sourcecode.c.h; path = AppDelegate.h; sourceTree = "<group>"; };
		A5F6E1641ECDC27000C2C8AC /* AppDelegate.m */ = {isa = PBXFileReference; fileEncoding = 4; lastKnownFileType = sourcecode.c.objc; path = AppDelegate.m; sourceTree = "<group>"; };
		A5F6E1651ECDC27000C2C8AC /* main.m */ = {isa = PBXFileReference; fileEncoding = 4; lastKnownFileType = sourcecode.c.objc; path = main.m; sourceTree = "<group>"; };
		A5F6E1701ECDC6B800C2C8AC /* YYHTabBarViewController.h */ = {isa = PBXFileReference; fileEncoding = 4; lastKnownFileType = sourcecode.c.h; path = YYHTabBarViewController.h; sourceTree = "<group>"; };
		A5F6E1711ECDC6B800C2C8AC /* YYHTabBarViewController.m */ = {isa = PBXFileReference; fileEncoding = 4; lastKnownFileType = sourcecode.c.objc; path = YYHTabBarViewController.m; sourceTree = "<group>"; };
		A5F6E1731ECDC6D600C2C8AC /* YYHNavigationController.h */ = {isa = PBXFileReference; fileEncoding = 4; lastKnownFileType = sourcecode.c.h; path = YYHNavigationController.h; sourceTree = "<group>"; };
		A5F6E1741ECDC6D600C2C8AC /* YYHNavigationController.m */ = {isa = PBXFileReference; fileEncoding = 4; lastKnownFileType = sourcecode.c.objc; path = YYHNavigationController.m; sourceTree = "<group>"; };
		A5F6E1771ECDC77600C2C8AC /* UIBarButtonItem+YYHBarButton.h */ = {isa = PBXFileReference; fileEncoding = 4; lastKnownFileType = sourcecode.c.h; path = "UIBarButtonItem+YYHBarButton.h"; sourceTree = "<group>"; };
		A5F6E1781ECDC77600C2C8AC /* UIBarButtonItem+YYHBarButton.m */ = {isa = PBXFileReference; fileEncoding = 4; lastKnownFileType = sourcecode.c.objc; path = "UIBarButtonItem+YYHBarButton.m"; sourceTree = "<group>"; };
		A5F6E1791ECDC77600C2C8AC /* UIImage+WithoutRendering.h */ = {isa = PBXFileReference; fileEncoding = 4; lastKnownFileType = sourcecode.c.h; path = "UIImage+WithoutRendering.h"; sourceTree = "<group>"; };
		A5F6E17A1ECDC77600C2C8AC /* UIImage+WithoutRendering.m */ = {isa = PBXFileReference; fileEncoding = 4; lastKnownFileType = sourcecode.c.objc; path = "UIImage+WithoutRendering.m"; sourceTree = "<group>"; };
		A5F6E17D1ECDC7BB00C2C8AC /* YYHConst.h */ = {isa = PBXFileReference; fileEncoding = 4; lastKnownFileType = sourcecode.c.h; path = YYHConst.h; sourceTree = "<group>"; };
		A5F6E17E1ECDC7BB00C2C8AC /* YYHConst.m */ = {isa = PBXFileReference; fileEncoding = 4; lastKnownFileType = sourcecode.c.objc; path = YYHConst.m; sourceTree = "<group>"; };
		A5F6E1801ECDC87D00C2C8AC /* NZ Driving Test.pch */ = {isa = PBXFileReference; lastKnownFileType = sourcecode.c.h; path = "NZ Driving Test.pch"; sourceTree = "<group>"; };
		A5F6E1811ECDCA7C00C2C8AC /* UIView+YYHFrame.h */ = {isa = PBXFileReference; fileEncoding = 4; lastKnownFileType = sourcecode.c.h; path = "UIView+YYHFrame.h"; sourceTree = "<group>"; };
		A5F6E1821ECDCA7C00C2C8AC /* UIView+YYHFrame.m */ = {isa = PBXFileReference; fileEncoding = 4; lastKnownFileType = sourcecode.c.objc; path = "UIView+YYHFrame.m"; sourceTree = "<group>"; };
		A5F6E1841ECDCB1C00C2C8AC /* YYHStatictisController.h */ = {isa = PBXFileReference; fileEncoding = 4; lastKnownFileType = sourcecode.c.h; path = YYHStatictisController.h; sourceTree = "<group>"; };
		A5F6E1851ECDCB1C00C2C8AC /* YYHStatictisController.m */ = {isa = PBXFileReference; fileEncoding = 4; lastKnownFileType = sourcecode.c.objc; path = YYHStatictisController.m; sourceTree = "<group>"; };
		A5F6E1871ECDCB3400C2C8AC /* YYHSettingController.h */ = {isa = PBXFileReference; fileEncoding = 4; lastKnownFileType = sourcecode.c.h; path = YYHSettingController.h; sourceTree = "<group>"; };
		A5F6E1881ECDCB3400C2C8AC /* YYHSettingController.m */ = {isa = PBXFileReference; fileEncoding = 4; lastKnownFileType = sourcecode.c.objc; path = YYHSettingController.m; sourceTree = "<group>"; };
		A5F6E18A1ECDCC9D00C2C8AC /* YYHHomeViewController.h */ = {isa = PBXFileReference; fileEncoding = 4; lastKnownFileType = sourcecode.c.h; path = YYHHomeViewController.h; sourceTree = "<group>"; };
		A5F6E18B1ECDCC9D00C2C8AC /* YYHHomeViewController.m */ = {isa = PBXFileReference; fileEncoding = 4; lastKnownFileType = sourcecode.c.objc; path = YYHHomeViewController.m; sourceTree = "<group>"; };
		A5F6E1901ECDD49A00C2C8AC /* MJDictionaryCache.h */ = {isa = PBXFileReference; fileEncoding = 4; lastKnownFileType = sourcecode.c.h; path = MJDictionaryCache.h; sourceTree = "<group>"; };
		A5F6E1911ECDD49A00C2C8AC /* MJDictionaryCache.m */ = {isa = PBXFileReference; fileEncoding = 4; lastKnownFileType = sourcecode.c.objc; path = MJDictionaryCache.m; sourceTree = "<group>"; };
		A5F6E1921ECDD49A00C2C8AC /* MJExtension.h */ = {isa = PBXFileReference; fileEncoding = 4; lastKnownFileType = sourcecode.c.h; path = MJExtension.h; sourceTree = "<group>"; };
		A5F6E1931ECDD49A00C2C8AC /* MJExtensionConst.h */ = {isa = PBXFileReference; fileEncoding = 4; lastKnownFileType = sourcecode.c.h; path = MJExtensionConst.h; sourceTree = "<group>"; };
		A5F6E1941ECDD49A00C2C8AC /* MJExtensionConst.m */ = {isa = PBXFileReference; fileEncoding = 4; lastKnownFileType = sourcecode.c.objc; path = MJExtensionConst.m; sourceTree = "<group>"; };
		A5F6E1951ECDD49A00C2C8AC /* MJFoundation.h */ = {isa = PBXFileReference; fileEncoding = 4; lastKnownFileType = sourcecode.c.h; path = MJFoundation.h; sourceTree = "<group>"; };
		A5F6E1961ECDD49A00C2C8AC /* MJFoundation.m */ = {isa = PBXFileReference; fileEncoding = 4; lastKnownFileType = sourcecode.c.objc; path = MJFoundation.m; sourceTree = "<group>"; };
		A5F6E1971ECDD49A00C2C8AC /* MJProperty.h */ = {isa = PBXFileReference; fileEncoding = 4; lastKnownFileType = sourcecode.c.h; path = MJProperty.h; sourceTree = "<group>"; };
		A5F6E1981ECDD49A00C2C8AC /* MJProperty.m */ = {isa = PBXFileReference; fileEncoding = 4; lastKnownFileType = sourcecode.c.objc; path = MJProperty.m; sourceTree = "<group>"; };
		A5F6E1991ECDD49A00C2C8AC /* MJPropertyKey.h */ = {isa = PBXFileReference; fileEncoding = 4; lastKnownFileType = sourcecode.c.h; path = MJPropertyKey.h; sourceTree = "<group>"; };
		A5F6E19A1ECDD49A00C2C8AC /* MJPropertyKey.m */ = {isa = PBXFileReference; fileEncoding = 4; lastKnownFileType = sourcecode.c.objc; path = MJPropertyKey.m; sourceTree = "<group>"; };
		A5F6E19B1ECDD49A00C2C8AC /* MJPropertyType.h */ = {isa = PBXFileReference; fileEncoding = 4; lastKnownFileType = sourcecode.c.h; path = MJPropertyType.h; sourceTree = "<group>"; };
		A5F6E19C1ECDD49A00C2C8AC /* MJPropertyType.m */ = {isa = PBXFileReference; fileEncoding = 4; lastKnownFileType = sourcecode.c.objc; path = MJPropertyType.m; sourceTree = "<group>"; };
		A5F6E19D1ECDD49A00C2C8AC /* NSObject+MJClass.h */ = {isa = PBXFileReference; fileEncoding = 4; lastKnownFileType = sourcecode.c.h; path = "NSObject+MJClass.h"; sourceTree = "<group>"; };
		A5F6E19E1ECDD49A00C2C8AC /* NSObject+MJClass.m */ = {isa = PBXFileReference; fileEncoding = 4; lastKnownFileType = sourcecode.c.objc; path = "NSObject+MJClass.m"; sourceTree = "<group>"; };
		A5F6E19F1ECDD49A00C2C8AC /* NSObject+MJCoding.h */ = {isa = PBXFileReference; fileEncoding = 4; lastKnownFileType = sourcecode.c.h; path = "NSObject+MJCoding.h"; sourceTree = "<group>"; };
		A5F6E1A01ECDD49A00C2C8AC /* NSObject+MJCoding.m */ = {isa = PBXFileReference; fileEncoding = 4; lastKnownFileType = sourcecode.c.objc; path = "NSObject+MJCoding.m"; sourceTree = "<group>"; };
		A5F6E1A11ECDD49A00C2C8AC /* NSObject+MJKeyValue.h */ = {isa = PBXFileReference; fileEncoding = 4; lastKnownFileType = sourcecode.c.h; path = "NSObject+MJKeyValue.h"; sourceTree = "<group>"; };
		A5F6E1A21ECDD49A00C2C8AC /* NSObject+MJKeyValue.m */ = {isa = PBXFileReference; fileEncoding = 4; lastKnownFileType = sourcecode.c.objc; path = "NSObject+MJKeyValue.m"; sourceTree = "<group>"; };
		A5F6E1A31ECDD49A00C2C8AC /* NSObject+MJProperty.h */ = {isa = PBXFileReference; fileEncoding = 4; lastKnownFileType = sourcecode.c.h; path = "NSObject+MJProperty.h"; sourceTree = "<group>"; };
		A5F6E1A41ECDD49A00C2C8AC /* NSObject+MJProperty.m */ = {isa = PBXFileReference; fileEncoding = 4; lastKnownFileType = sourcecode.c.objc; path = "NSObject+MJProperty.m"; sourceTree = "<group>"; };
		A5F6E1A51ECDD49A00C2C8AC /* NSString+MJExtension.h */ = {isa = PBXFileReference; fileEncoding = 4; lastKnownFileType = sourcecode.c.h; path = "NSString+MJExtension.h"; sourceTree = "<group>"; };
		A5F6E1A61ECDD49A00C2C8AC /* NSString+MJExtension.m */ = {isa = PBXFileReference; fileEncoding = 4; lastKnownFileType = sourcecode.c.objc; path = "NSString+MJExtension.m"; sourceTree = "<group>"; };
		A5F6E1B21ECDD4F900C2C8AC /* YYHQuestionItem.h */ = {isa = PBXFileReference; fileEncoding = 4; lastKnownFileType = sourcecode.c.h; path = YYHQuestionItem.h; sourceTree = "<group>"; };
		A5F6E1B31ECDD4F900C2C8AC /* YYHQuestionItem.m */ = {isa = PBXFileReference; fileEncoding = 4; lastKnownFileType = sourcecode.c.objc; path = YYHQuestionItem.m; sourceTree = "<group>"; };
		A5F6E1B51ECDD71100C2C8AC /* YYHQuestionTableViewCell.h */ = {isa = PBXFileReference; fileEncoding = 4; lastKnownFileType = sourcecode.c.h; path = YYHQuestionTableViewCell.h; sourceTree = "<group>"; };
		A5F6E1B61ECDD71100C2C8AC /* YYHQuestionTableViewCell.m */ = {isa = PBXFileReference; fileEncoding = 4; lastKnownFileType = sourcecode.c.objc; path = YYHQuestionTableViewCell.m; sourceTree = "<group>"; };
		A5F6E1B71ECDD71100C2C8AC /* YYHQuestionTableViewCell.xib */ = {isa = PBXFileReference; fileEncoding = 4; lastKnownFileType = file.xib; path = YYHQuestionTableViewCell.xib; sourceTree = "<group>"; };
		A5F6E2451ED1A9E200C2C8AC /* YYHChooseTypeView.h */ = {isa = PBXFileReference; fileEncoding = 4; lastKnownFileType = sourcecode.c.h; path = YYHChooseTypeView.h; sourceTree = "<group>"; };
		A5F6E2461ED1A9E200C2C8AC /* YYHChooseTypeView.m */ = {isa = PBXFileReference; fileEncoding = 4; lastKnownFileType = sourcecode.c.objc; path = YYHChooseTypeView.m; sourceTree = "<group>"; };
		A5F6E2481ED1A9EA00C2C8AC /* YYHChooseTypeView.xib */ = {isa = PBXFileReference; fileEncoding = 4; lastKnownFileType = file.xib; path = YYHChooseTypeView.xib; sourceTree = "<group>"; };
		A5F6E24A1ED1B08100C2C8AC /* YYHHomeViewController.storyboard */ = {isa = PBXFileReference; fileEncoding = 4; lastKnownFileType = file.storyboard; path = YYHHomeViewController.storyboard; sourceTree = "<group>"; };
/* End PBXFileReference section */

/* Begin PBXFrameworksBuildPhase section */
		A56F2E331EC5D9E900DCF2D2 /* Frameworks */ = {
			isa = PBXFrameworksBuildPhase;
			buildActionMask = 2147483647;
			files = (
			);
			runOnlyForDeploymentPostprocessing = 0;
		};
/* End PBXFrameworksBuildPhase section */

/* Begin PBXGroup section */
		A56F2E2D1EC5D9E900DCF2D2 = {
			isa = PBXGroup;
			children = (
				A56F2E381EC5D9E900DCF2D2 /* NZ Driving Test */,
				A56F2E371EC5D9E900DCF2D2 /* Products */,
			);
			sourceTree = "<group>";
		};
		A56F2E371EC5D9E900DCF2D2 /* Products */ = {
			isa = PBXGroup;
			children = (
				A56F2E361EC5D9E900DCF2D2 /* NZ Driving Test.app */,
			);
			name = Products;
			sourceTree = "<group>";
		};
		A56F2E381EC5D9E900DCF2D2 /* NZ Driving Test */ = {
			isa = PBXGroup;
			children = (
				A5F6E1591ECDC27000C2C8AC /* Classes */,
				A56F2E451EC5D9E900DCF2D2 /* Assets.xcassets */,
				A56F2E421EC5D9E900DCF2D2 /* Main.storyboard */,
				A56F2E471EC5D9E900DCF2D2 /* LaunchScreen.storyboard */,
				A56F2E4A1EC5D9E900DCF2D2 /* Info.plist */,
				A56F2E391EC5D9E900DCF2D2 /* Supporting Files */,
			);
			path = "NZ Driving Test";
			sourceTree = "<group>";
		};
		A56F2E391EC5D9E900DCF2D2 /* Supporting Files */ = {
			isa = PBXGroup;
			children = (
			);
			name = "Supporting Files";
			sourceTree = "<group>";
		};
		A5F6E1591ECDC27000C2C8AC /* Classes */ = {
			isa = PBXGroup;
			children = (
				A5F6E15A1ECDC27000C2C8AC /* Home */,
				A5F6E15E1ECDC27000C2C8AC /* Main */,
				A5F6E1621ECDC27000C2C8AC /* Other */,
				A5F6E1661ECDC27000C2C8AC /* Setting */,
				A5F6E16A1ECDC27000C2C8AC /* Statistics */,
			);
			path = Classes;
			sourceTree = "<group>";
		};
		A5F6E15A1ECDC27000C2C8AC /* Home */ = {
			isa = PBXGroup;
			children = (
				A5F6E15B1ECDC27000C2C8AC /* Controller */,
				A5F6E15C1ECDC27000C2C8AC /* Model */,
				A5F6E15D1ECDC27000C2C8AC /* View */,
			);
			path = Home;
			sourceTree = "<group>";
		};
		A5F6E15B1ECDC27000C2C8AC /* Controller */ = {
			isa = PBXGroup;
			children = (
				A5F6E18A1ECDCC9D00C2C8AC /* YYHHomeViewController.h */,
				A5F6E18B1ECDCC9D00C2C8AC /* YYHHomeViewController.m */,
				A5F6E24A1ED1B08100C2C8AC /* YYHHomeViewController.storyboard */,
			);
			path = Controller;
			sourceTree = "<group>";
		};
		A5F6E15C1ECDC27000C2C8AC /* Model */ = {
			isa = PBXGroup;
			children = (
				A5F6E1B21ECDD4F900C2C8AC /* YYHQuestionItem.h */,
				A5F6E1B31ECDD4F900C2C8AC /* YYHQuestionItem.m */,
			);
			path = Model;
			sourceTree = "<group>";
		};
		A5F6E15D1ECDC27000C2C8AC /* View */ = {
			isa = PBXGroup;
			children = (
				A5F6E1B51ECDD71100C2C8AC /* YYHQuestionTableViewCell.h */,
				A5F6E1B61ECDD71100C2C8AC /* YYHQuestionTableViewCell.m */,
				A5F6E1B71ECDD71100C2C8AC /* YYHQuestionTableViewCell.xib */,
				A5F6E2451ED1A9E200C2C8AC /* YYHChooseTypeView.h */,
				A5F6E2461ED1A9E200C2C8AC /* YYHChooseTypeView.m */,
				A5F6E2481ED1A9EA00C2C8AC /* YYHChooseTypeView.xib */,
			);
			path = View;
			sourceTree = "<group>";
		};
		A5F6E15E1ECDC27000C2C8AC /* Main */ = {
			isa = PBXGroup;
			children = (
				A5F6E15F1ECDC27000C2C8AC /* Controller */,
				A5F6E1601ECDC27000C2C8AC /* Model */,
				A5F6E1611ECDC27000C2C8AC /* View */,
			);
			path = Main;
			sourceTree = "<group>";
		};
		A5F6E15F1ECDC27000C2C8AC /* Controller */ = {
			isa = PBXGroup;
			children = (
				A5F6E1701ECDC6B800C2C8AC /* YYHTabBarViewController.h */,
				A5F6E1711ECDC6B800C2C8AC /* YYHTabBarViewController.m */,
				A5F6E1731ECDC6D600C2C8AC /* YYHNavigationController.h */,
				A5F6E1741ECDC6D600C2C8AC /* YYHNavigationController.m */,
			);
			path = Controller;
			sourceTree = "<group>";
		};
		A5F6E1601ECDC27000C2C8AC /* Model */ = {
			isa = PBXGroup;
			children = (
			);
			path = Model;
			sourceTree = "<group>";
		};
		A5F6E1611ECDC27000C2C8AC /* View */ = {
			isa = PBXGroup;
			children = (
			);
			path = View;
			sourceTree = "<group>";
		};
		A5F6E1621ECDC27000C2C8AC /* Other */ = {
			isa = PBXGroup;
			children = (
				A5F6E18F1ECDD49A00C2C8AC /* MJExtension */,
				A5F6E1761ECDC77600C2C8AC /* Categories */,
				A5F6E1631ECDC27000C2C8AC /* AppDelegate.h */,
				A5F6E1641ECDC27000C2C8AC /* AppDelegate.m */,
				A5F6E1651ECDC27000C2C8AC /* main.m */,
				A5F6E17D1ECDC7BB00C2C8AC /* YYHConst.h */,
				A5F6E17E1ECDC7BB00C2C8AC /* YYHConst.m */,
				A5F6E1801ECDC87D00C2C8AC /* NZ Driving Test.pch */,
			);
			path = Other;
			sourceTree = "<group>";
		};
		A5F6E1661ECDC27000C2C8AC /* Setting */ = {
			isa = PBXGroup;
			children = (
				A5F6E1671ECDC27000C2C8AC /* Controller */,
				A5F6E1681ECDC27000C2C8AC /* Model */,
				A5F6E1691ECDC27000C2C8AC /* View */,
			);
			path = Setting;
			sourceTree = "<group>";
		};
		A5F6E1671ECDC27000C2C8AC /* Controller */ = {
			isa = PBXGroup;
			children = (
				A5F6E1871ECDCB3400C2C8AC /* YYHSettingController.h */,
				A5F6E1881ECDCB3400C2C8AC /* YYHSettingController.m */,
			);
			path = Controller;
			sourceTree = "<group>";
		};
		A5F6E1681ECDC27000C2C8AC /* Model */ = {
			isa = PBXGroup;
			children = (
			);
			path = Model;
			sourceTree = "<group>";
		};
		A5F6E1691ECDC27000C2C8AC /* View */ = {
			isa = PBXGroup;
			children = (
			);
			path = View;
			sourceTree = "<group>";
		};
		A5F6E16A1ECDC27000C2C8AC /* Statistics */ = {
			isa = PBXGroup;
			children = (
				A5F6E16B1ECDC27000C2C8AC /* Controller */,
				A5F6E16C1ECDC27000C2C8AC /* Model */,
				A5F6E16D1ECDC27000C2C8AC /* View */,
			);
			path = Statistics;
			sourceTree = "<group>";
		};
		A5F6E16B1ECDC27000C2C8AC /* Controller */ = {
			isa = PBXGroup;
			children = (
				A5F6E1841ECDCB1C00C2C8AC /* YYHStatictisController.h */,
				A5F6E1851ECDCB1C00C2C8AC /* YYHStatictisController.m */,
			);
			path = Controller;
			sourceTree = "<group>";
		};
		A5F6E16C1ECDC27000C2C8AC /* Model */ = {
			isa = PBXGroup;
			children = (
			);
			path = Model;
			sourceTree = "<group>";
		};
		A5F6E16D1ECDC27000C2C8AC /* View */ = {
			isa = PBXGroup;
			children = (
			);
			path = View;
			sourceTree = "<group>";
		};
		A5F6E1761ECDC77600C2C8AC /* Categories */ = {
			isa = PBXGroup;
			children = (
				A5F6E1811ECDCA7C00C2C8AC /* UIView+YYHFrame.h */,
				A5F6E1821ECDCA7C00C2C8AC /* UIView+YYHFrame.m */,
				A5F6E1771ECDC77600C2C8AC /* UIBarButtonItem+YYHBarButton.h */,
				A5F6E1781ECDC77600C2C8AC /* UIBarButtonItem+YYHBarButton.m */,
				A5F6E1791ECDC77600C2C8AC /* UIImage+WithoutRendering.h */,
				A5F6E17A1ECDC77600C2C8AC /* UIImage+WithoutRendering.m */,
			);
			path = Categories;
			sourceTree = "<group>";
		};
		A5F6E18F1ECDD49A00C2C8AC /* MJExtension */ = {
			isa = PBXGroup;
			children = (
				A5F6E1901ECDD49A00C2C8AC /* MJDictionaryCache.h */,
				A5F6E1911ECDD49A00C2C8AC /* MJDictionaryCache.m */,
				A5F6E1921ECDD49A00C2C8AC /* MJExtension.h */,
				A5F6E1931ECDD49A00C2C8AC /* MJExtensionConst.h */,
				A5F6E1941ECDD49A00C2C8AC /* MJExtensionConst.m */,
				A5F6E1951ECDD49A00C2C8AC /* MJFoundation.h */,
				A5F6E1961ECDD49A00C2C8AC /* MJFoundation.m */,
				A5F6E1971ECDD49A00C2C8AC /* MJProperty.h */,
				A5F6E1981ECDD49A00C2C8AC /* MJProperty.m */,
				A5F6E1991ECDD49A00C2C8AC /* MJPropertyKey.h */,
				A5F6E19A1ECDD49A00C2C8AC /* MJPropertyKey.m */,
				A5F6E19B1ECDD49A00C2C8AC /* MJPropertyType.h */,
				A5F6E19C1ECDD49A00C2C8AC /* MJPropertyType.m */,
				A5F6E19D1ECDD49A00C2C8AC /* NSObject+MJClass.h */,
				A5F6E19E1ECDD49A00C2C8AC /* NSObject+MJClass.m */,
				A5F6E19F1ECDD49A00C2C8AC /* NSObject+MJCoding.h */,
				A5F6E1A01ECDD49A00C2C8AC /* NSObject+MJCoding.m */,
				A5F6E1A11ECDD49A00C2C8AC /* NSObject+MJKeyValue.h */,
				A5F6E1A21ECDD49A00C2C8AC /* NSObject+MJKeyValue.m */,
				A5F6E1A31ECDD49A00C2C8AC /* NSObject+MJProperty.h */,
				A5F6E1A41ECDD49A00C2C8AC /* NSObject+MJProperty.m */,
				A5F6E1A51ECDD49A00C2C8AC /* NSString+MJExtension.h */,
				A5F6E1A61ECDD49A00C2C8AC /* NSString+MJExtension.m */,
			);
			path = MJExtension;
			sourceTree = "<group>";
		};
/* End PBXGroup section */

/* Begin PBXNativeTarget section */
		A56F2E351EC5D9E900DCF2D2 /* NZ Driving Test */ = {
			isa = PBXNativeTarget;
			buildConfigurationList = A56F2E4D1EC5D9E900DCF2D2 /* Build configuration list for PBXNativeTarget "NZ Driving Test" */;
			buildPhases = (
				A56F2E321EC5D9E900DCF2D2 /* Sources */,
				A56F2E331EC5D9E900DCF2D2 /* Frameworks */,
				A56F2E341EC5D9E900DCF2D2 /* Resources */,
			);
			buildRules = (
			);
			dependencies = (
			);
			name = "NZ Driving Test";
			productName = "NZ Driving Test";
			productReference = A56F2E361EC5D9E900DCF2D2 /* NZ Driving Test.app */;
			productType = "com.apple.product-type.application";
		};
/* End PBXNativeTarget section */

/* Begin PBXProject section */
		A56F2E2E1EC5D9E900DCF2D2 /* Project object */ = {
			isa = PBXProject;
			attributes = {
				CLASSPREFIX = YYH;
				LastUpgradeCheck = 0820;
				ORGANIZATIONNAME = "姚懿恒";
				TargetAttributes = {
					A56F2E351EC5D9E900DCF2D2 = {
						CreatedOnToolsVersion = 8.2.1;
						ProvisioningStyle = Automatic;
					};
				};
			};
			buildConfigurationList = A56F2E311EC5D9E900DCF2D2 /* Build configuration list for PBXProject "NZ Driving Test" */;
			compatibilityVersion = "Xcode 3.2";
			developmentRegion = English;
			hasScannedForEncodings = 0;
			knownRegions = (
				en,
				Base,
			);
			mainGroup = A56F2E2D1EC5D9E900DCF2D2;
			productRefGroup = A56F2E371EC5D9E900DCF2D2 /* Products */;
			projectDirPath = "";
			projectRoot = "";
			targets = (
				A56F2E351EC5D9E900DCF2D2 /* NZ Driving Test */,
			);
		};
/* End PBXProject section */

/* Begin PBXResourcesBuildPhase section */
		A56F2E341EC5D9E900DCF2D2 /* Resources */ = {
			isa = PBXResourcesBuildPhase;
			buildActionMask = 2147483647;
			files = (
				A56F2E491EC5D9E900DCF2D2 /* LaunchScreen.storyboard in Resources */,
				A5F6E2491ED1A9EA00C2C8AC /* YYHChooseTypeView.xib in Resources */,
				A5F6E24B1ED1B08100C2C8AC /* YYHHomeViewController.storyboard in Resources */,
				A56F2E461EC5D9E900DCF2D2 /* Assets.xcassets in Resources */,
				A5F6E1B91ECDD71100C2C8AC /* YYHQuestionTableViewCell.xib in Resources */,
				A56F2E441EC5D9E900DCF2D2 /* Main.storyboard in Resources */,
			);
			runOnlyForDeploymentPostprocessing = 0;
		};
/* End PBXResourcesBuildPhase section */

/* Begin PBXSourcesBuildPhase section */
		A56F2E321EC5D9E900DCF2D2 /* Sources */ = {
			isa = PBXSourcesBuildPhase;
			buildActionMask = 2147483647;
			files = (
				A5F6E16F1ECDC27100C2C8AC /* main.m in Sources */,
				A5F6E1A91ECDD49A00C2C8AC /* MJFoundation.m in Sources */,
				A5F6E1B41ECDD4F900C2C8AC /* YYHQuestionItem.m in Sources */,
				A5F6E1A81ECDD49A00C2C8AC /* MJExtensionConst.m in Sources */,
				A5F6E1861ECDCB1C00C2C8AC /* YYHStatictisController.m in Sources */,
				A5F6E17C1ECDC77600C2C8AC /* UIImage+WithoutRendering.m in Sources */,
				A5F6E17F1ECDC7BB00C2C8AC /* YYHConst.m in Sources */,
				A5F6E1721ECDC6B800C2C8AC /* YYHTabBarViewController.m in Sources */,
				A5F6E17B1ECDC77600C2C8AC /* UIBarButtonItem+YYHBarButton.m in Sources */,
				A5F6E1AF1ECDD49A00C2C8AC /* NSObject+MJKeyValue.m in Sources */,
				A5F6E1B81ECDD71100C2C8AC /* YYHQuestionTableViewCell.m in Sources */,
				A5F6E2471ED1A9E200C2C8AC /* YYHChooseTypeView.m in Sources */,
				A5F6E1831ECDCA7C00C2C8AC /* UIView+YYHFrame.m in Sources */,
				A5F6E1AD1ECDD49A00C2C8AC /* NSObject+MJClass.m in Sources */,
				A5F6E1751ECDC6D600C2C8AC /* YYHNavigationController.m in Sources */,
				A5F6E1B11ECDD49A00C2C8AC /* NSString+MJExtension.m in Sources */,
				A5F6E18C1ECDCC9D00C2C8AC /* YYHHomeViewController.m in Sources */,
				A5F6E16E1ECDC27000C2C8AC /* AppDelegate.m in Sources */,
				A5F6E1891ECDCB3400C2C8AC /* YYHSettingController.m in Sources */,
				A5F6E1AC1ECDD49A00C2C8AC /* MJPropertyType.m in Sources */,
				A5F6E1B01ECDD49A00C2C8AC /* NSObject+MJProperty.m in Sources */,
				A5F6E1AE1ECDD49A00C2C8AC /* NSObject+MJCoding.m in Sources */,
				A5F6E1AA1ECDD49A00C2C8AC /* MJProperty.m in Sources */,
				A5F6E1A71ECDD49A00C2C8AC /* MJDictionaryCache.m in Sources */,
				A5F6E1AB1ECDD49A00C2C8AC /* MJPropertyKey.m in Sources */,
			);
			runOnlyForDeploymentPostprocessing = 0;
		};
/* End PBXSourcesBuildPhase section */

/* Begin PBXVariantGroup section */
		A56F2E421EC5D9E900DCF2D2 /* Main.storyboard */ = {
			isa = PBXVariantGroup;
			children = (
				A56F2E431EC5D9E900DCF2D2 /* Base */,
			);
			name = Main.storyboard;
			sourceTree = "<group>";
		};
		A56F2E471EC5D9E900DCF2D2 /* LaunchScreen.storyboard */ = {
			isa = PBXVariantGroup;
			children = (
				A56F2E481EC5D9E900DCF2D2 /* Base */,
			);
			name = LaunchScreen.storyboard;
			sourceTree = "<group>";
		};
/* End PBXVariantGroup section */

/* Begin XCBuildConfiguration section */
		A56F2E4B1EC5D9E900DCF2D2 /* Debug */ = {
			isa = XCBuildConfiguration;
			buildSettings = {
				ALWAYS_SEARCH_USER_PATHS = NO;
				CLANG_ANALYZER_NONNULL = YES;
				CLANG_CXX_LANGUAGE_STANDARD = "gnu++0x";
				CLANG_CXX_LIBRARY = "libc++";
				CLANG_ENABLE_MODULES = YES;
				CLANG_ENABLE_OBJC_ARC = YES;
				CLANG_WARN_BOOL_CONVERSION = YES;
				CLANG_WARN_CONSTANT_CONVERSION = YES;
				CLANG_WARN_DIRECT_OBJC_ISA_USAGE = YES_ERROR;
				CLANG_WARN_DOCUMENTATION_COMMENTS = YES;
				CLANG_WARN_EMPTY_BODY = YES;
				CLANG_WARN_ENUM_CONVERSION = YES;
				CLANG_WARN_INFINITE_RECURSION = YES;
				CLANG_WARN_INT_CONVERSION = YES;
				CLANG_WARN_OBJC_ROOT_CLASS = YES_ERROR;
				CLANG_WARN_SUSPICIOUS_MOVE = YES;
				CLANG_WARN_UNREACHABLE_CODE = YES;
				CLANG_WARN__DUPLICATE_METHOD_MATCH = YES;
				"CODE_SIGN_IDENTITY[sdk=iphoneos*]" = "iPhone Developer";
				COPY_PHASE_STRIP = NO;
				DEBUG_INFORMATION_FORMAT = dwarf;
				ENABLE_STRICT_OBJC_MSGSEND = YES;
				ENABLE_TESTABILITY = YES;
				GCC_C_LANGUAGE_STANDARD = gnu99;
				GCC_DYNAMIC_NO_PIC = NO;
				GCC_NO_COMMON_BLOCKS = YES;
				GCC_OPTIMIZATION_LEVEL = 0;
				GCC_PREPROCESSOR_DEFINITIONS = (
					"DEBUG=1",
					"$(inherited)",
				);
				GCC_WARN_64_TO_32_BIT_CONVERSION = YES;
				GCC_WARN_ABOUT_RETURN_TYPE = YES_ERROR;
				GCC_WARN_UNDECLARED_SELECTOR = YES;
				GCC_WARN_UNINITIALIZED_AUTOS = YES_AGGRESSIVE;
				GCC_WARN_UNUSED_FUNCTION = YES;
				GCC_WARN_UNUSED_VARIABLE = YES;
				IPHONEOS_DEPLOYMENT_TARGET = 10.2;
				MTL_ENABLE_DEBUG_INFO = YES;
				ONLY_ACTIVE_ARCH = YES;
				SDKROOT = iphoneos;
			};
			name = Debug;
		};
		A56F2E4C1EC5D9E900DCF2D2 /* Release */ = {
			isa = XCBuildConfiguration;
			buildSettings = {
				ALWAYS_SEARCH_USER_PATHS = NO;
				CLANG_ANALYZER_NONNULL = YES;
				CLANG_CXX_LANGUAGE_STANDARD = "gnu++0x";
				CLANG_CXX_LIBRARY = "libc++";
				CLANG_ENABLE_MODULES = YES;
				CLANG_ENABLE_OBJC_ARC = YES;
				CLANG_WARN_BOOL_CONVERSION = YES;
				CLANG_WARN_CONSTANT_CONVERSION = YES;
				CLANG_WARN_DIRECT_OBJC_ISA_USAGE = YES_ERROR;
				CLANG_WARN_DOCUMENTATION_COMMENTS = YES;
				CLANG_WARN_EMPTY_BODY = YES;
				CLANG_WARN_ENUM_CONVERSION = YES;
				CLANG_WARN_INFINITE_RECURSION = YES;
				CLANG_WARN_INT_CONVERSION = YES;
				CLANG_WARN_OBJC_ROOT_CLASS = YES_ERROR;
				CLANG_WARN_SUSPICIOUS_MOVE = YES;
				CLANG_WARN_UNREACHABLE_CODE = YES;
				CLANG_WARN__DUPLICATE_METHOD_MATCH = YES;
				"CODE_SIGN_IDENTITY[sdk=iphoneos*]" = "iPhone Developer";
				COPY_PHASE_STRIP = NO;
				DEBUG_INFORMATION_FORMAT = "dwarf-with-dsym";
				ENABLE_NS_ASSERTIONS = NO;
				ENABLE_STRICT_OBJC_MSGSEND = YES;
				GCC_C_LANGUAGE_STANDARD = gnu99;
				GCC_NO_COMMON_BLOCKS = YES;
				GCC_WARN_64_TO_32_BIT_CONVERSION = YES;
				GCC_WARN_ABOUT_RETURN_TYPE = YES_ERROR;
				GCC_WARN_UNDECLARED_SELECTOR = YES;
				GCC_WARN_UNINITIALIZED_AUTOS = YES_AGGRESSIVE;
				GCC_WARN_UNUSED_FUNCTION = YES;
				GCC_WARN_UNUSED_VARIABLE = YES;
				IPHONEOS_DEPLOYMENT_TARGET = 10.2;
				MTL_ENABLE_DEBUG_INFO = NO;
				SDKROOT = iphoneos;
				VALIDATE_PRODUCT = YES;
			};
			name = Release;
		};
		A56F2E4E1EC5D9E900DCF2D2 /* Debug */ = {
			isa = XCBuildConfiguration;
			buildSettings = {
				ASSETCATALOG_COMPILER_APPICON_NAME = AppIcon;
				GCC_PRECOMPILE_PREFIX_HEADER = YES;
				GCC_PREFIX_HEADER = "NZ Driving Test/Classes/Other/NZ Driving Test.pch";
				INFOPLIST_FILE = "NZ Driving Test/Info.plist";
				IPHONEOS_DEPLOYMENT_TARGET = 9.0;
				LD_RUNPATH_SEARCH_PATHS = "$(inherited) @executable_path/Frameworks";
				PRODUCT_BUNDLE_IDENTIFIER = "com.NZ-Driving-Test";
				PRODUCT_NAME = "$(TARGET_NAME)";
				TARGETED_DEVICE_FAMILY = 1;
			};
			name = Debug;
		};
		A56F2E4F1EC5D9E900DCF2D2 /* Release */ = {
			isa = XCBuildConfiguration;
			buildSettings = {
				ASSETCATALOG_COMPILER_APPICON_NAME = AppIcon;
				GCC_PRECOMPILE_PREFIX_HEADER = YES;
				GCC_PREFIX_HEADER = "NZ Driving Test/Classes/Other/NZ Driving Test.pch";
				INFOPLIST_FILE = "NZ Driving Test/Info.plist";
				IPHONEOS_DEPLOYMENT_TARGET = 9.0;
				LD_RUNPATH_SEARCH_PATHS = "$(inherited) @executable_path/Frameworks";
				PRODUCT_BUNDLE_IDENTIFIER = "com.NZ-Driving-Test";
				PRODUCT_NAME = "$(TARGET_NAME)";
				TARGETED_DEVICE_FAMILY = 1;
			};
			name = Release;
		};
/* End XCBuildConfiguration section */

/* Begin XCConfigurationList section */
		A56F2E311EC5D9E900DCF2D2 /* Build configuration list for PBXProject "NZ Driving Test" */ = {
			isa = XCConfigurationList;
			buildConfigurations = (
				A56F2E4B1EC5D9E900DCF2D2 /* Debug */,
				A56F2E4C1EC5D9E900DCF2D2 /* Release */,
			);
			defaultConfigurationIsVisible = 0;
			defaultConfigurationName = Release;
		};
		A56F2E4D1EC5D9E900DCF2D2 /* Build configuration list for PBXNativeTarget "NZ Driving Test" */ = {
			isa = XCConfigurationList;
			buildConfigurations = (
				A56F2E4E1EC5D9E900DCF2D2 /* Debug */,
				A56F2E4F1EC5D9E900DCF2D2 /* Release */,
			);
			defaultConfigurationIsVisible = 0;
			defaultConfigurationName = Release;
		};
/* End XCConfigurationList section */
	};
	rootObject = A56F2E2E1EC5D9E900DCF2D2 /* Project object */;
}
