// !$*UTF8*$!
{
	archiveVersion = 1;
	classes = {
	};
	objectVersion = 46;
	objects = {

/* Begin PBXBuildFile section */
		A507D1891EE14FBA00FDC5CE /* YYHStatictisController.m in Sources */ = {isa = PBXBuildFile; fileRef = A507D1881EE14FBA00FDC5CE /* YYHStatictisController.m */; };
		A53175921EDEBFDC00821472 /* YYHWrongCell.m in Sources */ = {isa = PBXBuildFile; fileRef = A53175901EDEBFDC00821472 /* YYHWrongCell.m */; };
		A53175931EDEBFDC00821472 /* YYHWrongCell.xib in Resources */ = {isa = PBXBuildFile; fileRef = A53175911EDEBFDC00821472 /* YYHWrongCell.xib */; };
		A56F2E441EC5D9E900DCF2D2 /* Main.storyboard in Resources */ = {isa = PBXBuildFile; fileRef = A56F2E421EC5D9E900DCF2D2 /* Main.storyboard */; };
		A56F2E461EC5D9E900DCF2D2 /* Assets.xcassets in Resources */ = {isa = PBXBuildFile; fileRef = A56F2E451EC5D9E900DCF2D2 /* Assets.xcassets */; };
		A56F2E491EC5D9E900DCF2D2 /* LaunchScreen.storyboard in Resources */ = {isa = PBXBuildFile; fileRef = A56F2E471EC5D9E900DCF2D2 /* LaunchScreen.storyboard */; };
		A5F6E16E1ECDC27000C2C8AC /* AppDelegate.m in Sources */ = {isa = PBXBuildFile; fileRef = A5F6E1641ECDC27000C2C8AC /* AppDelegate.m */; };
		A5F6E16F1ECDC27100C2C8AC /* main.m in Sources */ = {isa = PBXBuildFile; fileRef = A5F6E1651ECDC27000C2C8AC /* main.m */; };
		A5F6E1721ECDC6B800C2C8AC /* YYHTabBarViewController.m in Sources */ = {isa = PBXBuildFile; fileRef = A5F6E1711ECDC6B800C2C8AC /* YYHTabBarViewController.m */; };
		A5F6E1751ECDC6D600C2C8AC /* YYHNavigationController.m in Sources */ = {isa = PBXBuildFile; fileRef = A5F6E1741ECDC6D600C2C8AC /* YYHNavigationController.m */; };
		A5F6E17B1ECDC77600C2C8AC /* UIBarButtonItem+YYHBarButton.m in Sources */ = {isa = PBXBuildFile; fileRef = A5F6E1781ECDC77600C2C8AC /* UIBarButtonItem+YYHBarButton.m */; };
		A5F6E17C1ECDC77600C2C8AC /* UIImage+WithoutRendering.m in Sources */ = {isa = PBXBuildFile; fileRef = A5F6E17A1ECDC77600C2C8AC /* UIImage+WithoutRendering.m */; };
		A5F6E17F1ECDC7BB00C2C8AC /* YYHConst.m in Sources */ = {isa = PBXBuildFile; fileRef = A5F6E17E1ECDC7BB00C2C8AC /* YYHConst.m */; };
		A5F6E1831ECDCA7C00C2C8AC /* UIView+YYHFrame.m in Sources */ = {isa = PBXBuildFile; fileRef = A5F6E1821ECDCA7C00C2C8AC /* UIView+YYHFrame.m */; };
		A5F6E1891ECDCB3400C2C8AC /* YYHSettingController.m in Sources */ = {isa = PBXBuildFile; fileRef = A5F6E1881ECDCB3400C2C8AC /* YYHSettingController.m */; };
		A5F6E18C1ECDCC9D00C2C8AC /* YYHHomeViewController.m in Sources */ = {isa = PBXBuildFile; fileRef = A5F6E18B1ECDCC9D00C2C8AC /* YYHHomeViewController.m */; };
		A5F6E1A71ECDD49A00C2C8AC /* MJDictionaryCache.m in Sources */ = {isa = PBXBuildFile; fileRef = A5F6E1911ECDD49A00C2C8AC /* MJDictionaryCache.m */; };
		A5F6E1A81ECDD49A00C2C8AC /* MJExtensionConst.m in Sources */ = {isa = PBXBuildFile; fileRef = A5F6E1941ECDD49A00C2C8AC /* MJExtensionConst.m */; };
		A5F6E1A91ECDD49A00C2C8AC /* MJFoundation.m in Sources */ = {isa = PBXBuildFile; fileRef = A5F6E1961ECDD49A00C2C8AC /* MJFoundation.m */; };
		A5F6E1AA1ECDD49A00C2C8AC /* MJProperty.m in Sources */ = {isa = PBXBuildFile; fileRef = A5F6E1981ECDD49A00C2C8AC /* MJProperty.m */; };
		A5F6E1AB1ECDD49A00C2C8AC /* MJPropertyKey.m in Sources */ = {isa = PBXBuildFile; fileRef = A5F6E19A1ECDD49A00C2C8AC /* MJPropertyKey.m */; };
		A5F6E1AC1ECDD49A00C2C8AC /* MJPropertyType.m in Sources */ = {isa = PBXBuildFile; fileRef = A5F6E19C1ECDD49A00C2C8AC /* MJPropertyType.m */; };
		A5F6E1AD1ECDD49A00C2C8AC /* NSObject+MJClass.m in Sources */ = {isa = PBXBuildFile; fileRef = A5F6E19E1ECDD49A00C2C8AC /* NSObject+MJClass.m */; };
		A5F6E1AE1ECDD49A00C2C8AC /* NSObject+MJCoding.m in Sources */ = {isa = PBXBuildFile; fileRef = A5F6E1A01ECDD49A00C2C8AC /* NSObject+MJCoding.m */; };
		A5F6E1AF1ECDD49A00C2C8AC /* NSObject+MJKeyValue.m in Sources */ = {isa = PBXBuildFile; fileRef = A5F6E1A21ECDD49A00C2C8AC /* NSObject+MJKeyValue.m */; };
		A5F6E1B01ECDD49A00C2C8AC /* NSObject+MJProperty.m in Sources */ = {isa = PBXBuildFile; fileRef = A5F6E1A41ECDD49A00C2C8AC /* NSObject+MJProperty.m */; };
		A5F6E1B11ECDD49A00C2C8AC /* NSString+MJExtension.m in Sources */ = {isa = PBXBuildFile; fileRef = A5F6E1A61ECDD49A00C2C8AC /* NSString+MJExtension.m */; };
		A5F6E1B41ECDD4F900C2C8AC /* YYHQuestionItem.m in Sources */ = {isa = PBXBuildFile; fileRef = A5F6E1B31ECDD4F900C2C8AC /* YYHQuestionItem.m */; };
		A5F6E2471ED1A9E200C2C8AC /* YYHChooseTypeView.m in Sources */ = {isa = PBXBuildFile; fileRef = A5F6E2461ED1A9E200C2C8AC /* YYHChooseTypeView.m */; };
		A5F6E2491ED1A9EA00C2C8AC /* YYHChooseTypeView.xib in Resources */ = {isa = PBXBuildFile; fileRef = A5F6E2481ED1A9EA00C2C8AC /* YYHChooseTypeView.xib */; };
		A5F6E24B1ED1B08100C2C8AC /* YYHHomeViewController.storyboard in Resources */ = {isa = PBXBuildFile; fileRef = A5F6E24A1ED1B08100C2C8AC /* YYHHomeViewController.storyboard */; };
		A5F6E24E1ED1B91A00C2C8AC /* YYHButtonOnChooseTyepView.m in Sources */ = {isa = PBXBuildFile; fileRef = A5F6E24D1ED1B91A00C2C8AC /* YYHButtonOnChooseTyepView.m */; };
		A5F6E2511ED25C0C00C2C8AC /* YYHCatagoriesViewController.m in Sources */ = {isa = PBXBuildFile; fileRef = A5F6E2501ED25C0C00C2C8AC /* YYHCatagoriesViewController.m */; };
		A5F6E25A1ED3379700C2C8AC /* 正确.plist in Resources */ = {isa = PBXBuildFile; fileRef = A5F6E2581ED3379700C2C8AC /* 正确.plist */; };
		A5F6E25B1ED3379700C2C8AC /* 中文版问题.plist in Resources */ = {isa = PBXBuildFile; fileRef = A5F6E2591ED3379700C2C8AC /* 中文版问题.plist */; };
		A5F6E2611ED3556900C2C8AC /* YYHQuestionsCollectionViewController.m in Sources */ = {isa = PBXBuildFile; fileRef = A5F6E2601ED3556900C2C8AC /* YYHQuestionsCollectionViewController.m */; };
		A5F6E2651ED355B100C2C8AC /* YYHQuestionsCollectionViewCell.m in Sources */ = {isa = PBXBuildFile; fileRef = A5F6E2631ED355B100C2C8AC /* YYHQuestionsCollectionViewCell.m */; };
		A5F6E2661ED355B100C2C8AC /* YYHQuestionsCollectionViewCell.xib in Resources */ = {isa = PBXBuildFile; fileRef = A5F6E2641ED355B100C2C8AC /* YYHQuestionsCollectionViewCell.xib */; };
		A5F6E2691ED3576E00C2C8AC /* YYHAnswerButton.m in Sources */ = {isa = PBXBuildFile; fileRef = A5F6E2681ED3576E00C2C8AC /* YYHAnswerButton.m */; };
		A5F6E2AC1ED3605D00C2C8AC /* 000.png in Resources */ = {isa = PBXBuildFile; fileRef = A5F6E26B1ED3605D00C2C8AC /* 000.png */; };
		A5F6E2AD1ED3605D00C2C8AC /* 001.png in Resources */ = {isa = PBXBuildFile; fileRef = A5F6E26C1ED3605D00C2C8AC /* 001.png */; };
		A5F6E2AE1ED3605D00C2C8AC /* 002.png in Resources */ = {isa = PBXBuildFile; fileRef = A5F6E26D1ED3605D00C2C8AC /* 002.png */; };
		A5F6E2AF1ED3605D00C2C8AC /* 003.png in Resources */ = {isa = PBXBuildFile; fileRef = A5F6E26E1ED3605D00C2C8AC /* 003.png */; };
		A5F6E2B01ED3605D00C2C8AC /* 004.png in Resources */ = {isa = PBXBuildFile; fileRef = A5F6E26F1ED3605D00C2C8AC /* 004.png */; };
		A5F6E2B11ED3605D00C2C8AC /* 005.png in Resources */ = {isa = PBXBuildFile; fileRef = A5F6E2701ED3605D00C2C8AC /* 005.png */; };
		A5F6E2B21ED3605D00C2C8AC /* 006.png in Resources */ = {isa = PBXBuildFile; fileRef = A5F6E2711ED3605D00C2C8AC /* 006.png */; };
		A5F6E2B31ED3605D00C2C8AC /* 007.png in Resources */ = {isa = PBXBuildFile; fileRef = A5F6E2721ED3605D00C2C8AC /* 007.png */; };
		A5F6E2B41ED3605D00C2C8AC /* 008.png in Resources */ = {isa = PBXBuildFile; fileRef = A5F6E2731ED3605D00C2C8AC /* 008.png */; };
		A5F6E2B51ED3605D00C2C8AC /* 009.png in Resources */ = {isa = PBXBuildFile; fileRef = A5F6E2741ED3605D00C2C8AC /* 009.png */; };
		A5F6E2B61ED3605D00C2C8AC /* 010.png in Resources */ = {isa = PBXBuildFile; fileRef = A5F6E2751ED3605D00C2C8AC /* 010.png */; };
		A5F6E2B71ED3605D00C2C8AC /* 011.png in Resources */ = {isa = PBXBuildFile; fileRef = A5F6E2761ED3605D00C2C8AC /* 011.png */; };
		A5F6E2B81ED3605D00C2C8AC /* 012.png in Resources */ = {isa = PBXBuildFile; fileRef = A5F6E2771ED3605D00C2C8AC /* 012.png */; };
		A5F6E2B91ED3605D00C2C8AC /* 013.png in Resources */ = {isa = PBXBuildFile; fileRef = A5F6E2781ED3605D00C2C8AC /* 013.png */; };
		A5F6E2BA1ED3605D00C2C8AC /* 014.png in Resources */ = {isa = PBXBuildFile; fileRef = A5F6E2791ED3605D00C2C8AC /* 014.png */; };
		A5F6E2BB1ED3605D00C2C8AC /* 015.png in Resources */ = {isa = PBXBuildFile; fileRef = A5F6E27A1ED3605D00C2C8AC /* 015.png */; };
		A5F6E2BC1ED3605D00C2C8AC /* 016.png in Resources */ = {isa = PBXBuildFile; fileRef = A5F6E27B1ED3605D00C2C8AC /* 016.png */; };
		A5F6E2BD1ED3605D00C2C8AC /* 017.png in Resources */ = {isa = PBXBuildFile; fileRef = A5F6E27C1ED3605D00C2C8AC /* 017.png */; };
		A5F6E2BE1ED3605D00C2C8AC /* 018.png in Resources */ = {isa = PBXBuildFile; fileRef = A5F6E27D1ED3605D00C2C8AC /* 018.png */; };
		A5F6E2BF1ED3605D00C2C8AC /* 019.png in Resources */ = {isa = PBXBuildFile; fileRef = A5F6E27E1ED3605D00C2C8AC /* 019.png */; };
		A5F6E2C01ED3605D00C2C8AC /* 020.png in Resources */ = {isa = PBXBuildFile; fileRef = A5F6E27F1ED3605D00C2C8AC /* 020.png */; };
		A5F6E2C11ED3605D00C2C8AC /* 021.png in Resources */ = {isa = PBXBuildFile; fileRef = A5F6E2801ED3605D00C2C8AC /* 021.png */; };
		A5F6E2C21ED3605D00C2C8AC /* 022.png in Resources */ = {isa = PBXBuildFile; fileRef = A5F6E2811ED3605D00C2C8AC /* 022.png */; };
		A5F6E2C31ED3605D00C2C8AC /* 024.png in Resources */ = {isa = PBXBuildFile; fileRef = A5F6E2821ED3605D00C2C8AC /* 024.png */; };
		A5F6E2C41ED3605D00C2C8AC /* 025.png in Resources */ = {isa = PBXBuildFile; fileRef = A5F6E2831ED3605D00C2C8AC /* 025.png */; };
		A5F6E2C51ED3605D00C2C8AC /* 027.png in Resources */ = {isa = PBXBuildFile; fileRef = A5F6E2841ED3605D00C2C8AC /* 027.png */; };
		A5F6E2C61ED3605D00C2C8AC /* 028.png in Resources */ = {isa = PBXBuildFile; fileRef = A5F6E2851ED3605D00C2C8AC /* 028.png */; };
		A5F6E2C71ED3605D00C2C8AC /* 029.png in Resources */ = {isa = PBXBuildFile; fileRef = A5F6E2861ED3605D00C2C8AC /* 029.png */; };
		A5F6E2C81ED3605D00C2C8AC /* 030.png in Resources */ = {isa = PBXBuildFile; fileRef = A5F6E2871ED3605D00C2C8AC /* 030.png */; };
		A5F6E2C91ED3605D00C2C8AC /* 031.png in Resources */ = {isa = PBXBuildFile; fileRef = A5F6E2881ED3605D00C2C8AC /* 031.png */; };
		A5F6E2CA1ED3605D00C2C8AC /* 032.png in Resources */ = {isa = PBXBuildFile; fileRef = A5F6E2891ED3605D00C2C8AC /* 032.png */; };
		A5F6E2CB1ED3605D00C2C8AC /* 033.png in Resources */ = {isa = PBXBuildFile; fileRef = A5F6E28A1ED3605D00C2C8AC /* 033.png */; };
		A5F6E2CC1ED3605D00C2C8AC /* 034.png in Resources */ = {isa = PBXBuildFile; fileRef = A5F6E28B1ED3605D00C2C8AC /* 034.png */; };
		A5F6E2CD1ED3605D00C2C8AC /* 035.png in Resources */ = {isa = PBXBuildFile; fileRef = A5F6E28C1ED3605D00C2C8AC /* 035.png */; };
		A5F6E2CE1ED3605D00C2C8AC /* 036.png in Resources */ = {isa = PBXBuildFile; fileRef = A5F6E28D1ED3605D00C2C8AC /* 036.png */; };
		A5F6E2CF1ED3605D00C2C8AC /* 037.png in Resources */ = {isa = PBXBuildFile; fileRef = A5F6E28E1ED3605D00C2C8AC /* 037.png */; };
		A5F6E2D01ED3605D00C2C8AC /* 038.png in Resources */ = {isa = PBXBuildFile; fileRef = A5F6E28F1ED3605D00C2C8AC /* 038.png */; };
		A5F6E2D11ED3605D00C2C8AC /* 039.png in Resources */ = {isa = PBXBuildFile; fileRef = A5F6E2901ED3605D00C2C8AC /* 039.png */; };
		A5F6E2D21ED3605D00C2C8AC /* 040.png in Resources */ = {isa = PBXBuildFile; fileRef = A5F6E2911ED3605D00C2C8AC /* 040.png */; };
		A5F6E2D31ED3605D00C2C8AC /* 041.png in Resources */ = {isa = PBXBuildFile; fileRef = A5F6E2921ED3605D00C2C8AC /* 041.png */; };
		A5F6E2D41ED3605D00C2C8AC /* 042.png in Resources */ = {isa = PBXBuildFile; fileRef = A5F6E2931ED3605D00C2C8AC /* 042.png */; };
		A5F6E2D51ED3605D00C2C8AC /* 043.png in Resources */ = {isa = PBXBuildFile; fileRef = A5F6E2941ED3605D00C2C8AC /* 043.png */; };
		A5F6E2D61ED3605D00C2C8AC /* 044.png in Resources */ = {isa = PBXBuildFile; fileRef = A5F6E2951ED3605D00C2C8AC /* 044.png */; };
		A5F6E2D71ED3605D00C2C8AC /* 045.png in Resources */ = {isa = PBXBuildFile; fileRef = A5F6E2961ED3605D00C2C8AC /* 045.png */; };
		A5F6E2D81ED3605D00C2C8AC /* 046.png in Resources */ = {isa = PBXBuildFile; fileRef = A5F6E2971ED3605D00C2C8AC /* 046.png */; };
		A5F6E2D91ED3605D00C2C8AC /* 047.png in Resources */ = {isa = PBXBuildFile; fileRef = A5F6E2981ED3605D00C2C8AC /* 047.png */; };
		A5F6E2DA1ED3605D00C2C8AC /* 048.png in Resources */ = {isa = PBXBuildFile; fileRef = A5F6E2991ED3605D00C2C8AC /* 048.png */; };
		A5F6E2DB1ED3605D00C2C8AC /* 049.png in Resources */ = {isa = PBXBuildFile; fileRef = A5F6E29A1ED3605D00C2C8AC /* 049.png */; };
		A5F6E2DC1ED3605D00C2C8AC /* 050.png in Resources */ = {isa = PBXBuildFile; fileRef = A5F6E29B1ED3605D00C2C8AC /* 050.png */; };
		A5F6E2DD1ED3605D00C2C8AC /* 051.png in Resources */ = {isa = PBXBuildFile; fileRef = A5F6E29C1ED3605D00C2C8AC /* 051.png */; };
		A5F6E2DE1ED3605D00C2C8AC /* 052.png in Resources */ = {isa = PBXBuildFile; fileRef = A5F6E29D1ED3605D00C2C8AC /* 052.png */; };
		A5F6E2DF1ED3605D00C2C8AC /* 053.png in Resources */ = {isa = PBXBuildFile; fileRef = A5F6E29E1ED3605D00C2C8AC /* 053.png */; };
		A5F6E2E01ED3605D00C2C8AC /* 054.png in Resources */ = {isa = PBXBuildFile; fileRef = A5F6E29F1ED3605D00C2C8AC /* 054.png */; };
		A5F6E2E11ED3605D00C2C8AC /* 055.png in Resources */ = {isa = PBXBuildFile; fileRef = A5F6E2A01ED3605D00C2C8AC /* 055.png */; };
		A5F6E2E21ED3605D00C2C8AC /* 056.png in Resources */ = {isa = PBXBuildFile; fileRef = A5F6E2A11ED3605D00C2C8AC /* 056.png */; };
		A5F6E2E31ED3605D00C2C8AC /* 057.png in Resources */ = {isa = PBXBuildFile; fileRef = A5F6E2A21ED3605D00C2C8AC /* 057.png */; };
		A5F6E2E41ED3605D00C2C8AC /* 058.png in Resources */ = {isa = PBXBuildFile; fileRef = A5F6E2A31ED3605D00C2C8AC /* 058.png */; };
		A5F6E2E51ED3605D00C2C8AC /* 059.png in Resources */ = {isa = PBXBuildFile; fileRef = A5F6E2A41ED3605D00C2C8AC /* 059.png */; };
		A5F6E2E61ED3605D00C2C8AC /* 060.png in Resources */ = {isa = PBXBuildFile; fileRef = A5F6E2A51ED3605D00C2C8AC /* 060.png */; };
		A5F6E2E71ED3605D00C2C8AC /* 061.png in Resources */ = {isa = PBXBuildFile; fileRef = A5F6E2A61ED3605D00C2C8AC /* 061.png */; };
		A5F6E2E81ED3605D00C2C8AC /* 062.png in Resources */ = {isa = PBXBuildFile; fileRef = A5F6E2A71ED3605D00C2C8AC /* 062.png */; };
		A5F6E2E91ED3605D00C2C8AC /* 063.png in Resources */ = {isa = PBXBuildFile; fileRef = A5F6E2A81ED3605D00C2C8AC /* 063.png */; };
		A5F6E2EA1ED3605D00C2C8AC /* 064.png in Resources */ = {isa = PBXBuildFile; fileRef = A5F6E2A91ED3605D00C2C8AC /* 064.png */; };
		A5F6E2EB1ED3605D00C2C8AC /* 065.png in Resources */ = {isa = PBXBuildFile; fileRef = A5F6E2AA1ED3605D00C2C8AC /* 065.png */; };
		A5F6E2EC1ED3605D00C2C8AC /* 24.png in Resources */ = {isa = PBXBuildFile; fileRef = A5F6E2AB1ED3605D00C2C8AC /* 24.png */; };
		A5F6E2F01ED5890300C2C8AC /* YYHCatagoriesCell.m in Sources */ = {isa = PBXBuildFile; fileRef = A5F6E2EE1ED5890300C2C8AC /* YYHCatagoriesCell.m */; };
		A5F6E2F11ED5890300C2C8AC /* YYHCatagoriesCell.xib in Resources */ = {isa = PBXBuildFile; fileRef = A5F6E2EF1ED5890300C2C8AC /* YYHCatagoriesCell.xib */; };
		A5FC77F41EE1A5AC00BF41D8 /* YYHShowRightViewController.m in Sources */ = {isa = PBXBuildFile; fileRef = A5FC77F21EE1A5AC00BF41D8 /* YYHShowRightViewController.m */; };
		A5FC77F51EE1A5AC00BF41D8 /* YYHShowRightViewController.xib in Resources */ = {isa = PBXBuildFile; fileRef = A5FC77F31EE1A5AC00BF41D8 /* YYHShowRightViewController.xib */; };
/* End PBXBuildFile section */

/* Begin PBXFileReference section */
		A507D1871EE14FBA00FDC5CE /* YYHStatictisController.h */ = {isa = PBXFileReference; fileEncoding = 4; lastKnownFileType = sourcecode.c.h; path = YYHStatictisController.h; sourceTree = "<group>"; };
		A507D1881EE14FBA00FDC5CE /* YYHStatictisController.m */ = {isa = PBXFileReference; fileEncoding = 4; lastKnownFileType = sourcecode.c.objc; path = YYHStatictisController.m; sourceTree = "<group>"; };
		A531758F1EDEBFDC00821472 /* YYHWrongCell.h */ = {isa = PBXFileReference; fileEncoding = 4; lastKnownFileType = sourcecode.c.h; name = YYHWrongCell.h; path = ../../Setting/View/YYHWrongCell.h; sourceTree = "<group>"; };
		A53175901EDEBFDC00821472 /* YYHWrongCell.m */ = {isa = PBXFileReference; fileEncoding = 4; lastKnownFileType = sourcecode.c.objc; name = YYHWrongCell.m; path = ../../Setting/View/YYHWrongCell.m; sourceTree = "<group>"; };
		A53175911EDEBFDC00821472 /* YYHWrongCell.xib */ = {isa = PBXFileReference; fileEncoding = 4; lastKnownFileType = file.xib; name = YYHWrongCell.xib; path = ../../Setting/View/YYHWrongCell.xib; sourceTree = "<group>"; };
		A56F2E361EC5D9E900DCF2D2 /* NZ Driving Test.app */ = {isa = PBXFileReference; explicitFileType = wrapper.application; includeInIndex = 0; path = "NZ Driving Test.app"; sourceTree = BUILT_PRODUCTS_DIR; };
		A56F2E431EC5D9E900DCF2D2 /* Base */ = {isa = PBXFileReference; lastKnownFileType = file.storyboard; name = Base; path = Base.lproj/Main.storyboard; sourceTree = "<group>"; };
		A56F2E451EC5D9E900DCF2D2 /* Assets.xcassets */ = {isa = PBXFileReference; lastKnownFileType = folder.assetcatalog; path = Assets.xcassets; sourceTree = "<group>"; };
		A56F2E481EC5D9E900DCF2D2 /* Base */ = {isa = PBXFileReference; lastKnownFileType = file.storyboard; name = Base; path = Base.lproj/LaunchScreen.storyboard; sourceTree = "<group>"; };
		A56F2E4A1EC5D9E900DCF2D2 /* Info.plist */ = {isa = PBXFileReference; lastKnownFileType = text.plist.xml; path = Info.plist; sourceTree = "<group>"; };
		A5F6E1631ECDC27000C2C8AC /* AppDelegate.h */ = {isa = PBXFileReference; fileEncoding = 4; lastKnownFileType = sourcecode.c.h; path = AppDelegate.h; sourceTree = "<group>"; };
		A5F6E1641ECDC27000C2C8AC /* AppDelegate.m */ = {isa = PBXFileReference; fileEncoding = 4; lastKnownFileType = sourcecode.c.objc; path = AppDelegate.m; sourceTree = "<group>"; };
		A5F6E1651ECDC27000C2C8AC /* main.m */ = {isa = PBXFileReference; fileEncoding = 4; lastKnownFileType = sourcecode.c.objc; path = main.m; sourceTree = "<group>"; };
		A5F6E1701ECDC6B800C2C8AC /* YYHTabBarViewController.h */ = {isa = PBXFileReference; fileEncoding = 4; lastKnownFileType = sourcecode.c.h; path = YYHTabBarViewController.h; sourceTree = "<group>"; };
		A5F6E1711ECDC6B800C2C8AC /* YYHTabBarViewController.m */ = {isa = PBXFileReference; fileEncoding = 4; lastKnownFileType = sourcecode.c.objc; path = YYHTabBarViewController.m; sourceTree = "<group>"; };
		A5F6E1731ECDC6D600C2C8AC /* YYHNavigationController.h */ = {isa = PBXFileReference; fileEncoding = 4; lastKnownFileType = sourcecode.c.h; path = YYHNavigationController.h; sourceTree = "<group>"; };
		A5F6E1741ECDC6D600C2C8AC /* YYHNavigationController.m */ = {isa = PBXFileReference; fileEncoding = 4; lastKnownFileType = sourcecode.c.objc; path = YYHNavigationController.m; sourceTree = "<group>"; };
		A5F6E1771ECDC77600C2C8AC /* UIBarButtonItem+YYHBarButton.h */ = {isa = PBXFileReference; fileEncoding = 4; lastKnownFileType = sourcecode.c.h; path = "UIBarButtonItem+YYHBarButton.h"; sourceTree = "<group>"; };
		A5F6E1781ECDC77600C2C8AC /* UIBarButtonItem+YYHBarButton.m */ = {isa = PBXFileReference; fileEncoding = 4; lastKnownFileType = sourcecode.c.objc; path = "UIBarButtonItem+YYHBarButton.m"; sourceTree = "<group>"; };
		A5F6E1791ECDC77600C2C8AC /* UIImage+WithoutRendering.h */ = {isa = PBXFileReference; fileEncoding = 4; lastKnownFileType = sourcecode.c.h; path = "UIImage+WithoutRendering.h"; sourceTree = "<group>"; };
		A5F6E17A1ECDC77600C2C8AC /* UIImage+WithoutRendering.m */ = {isa = PBXFileReference; fileEncoding = 4; lastKnownFileType = sourcecode.c.objc; path = "UIImage+WithoutRendering.m"; sourceTree = "<group>"; };
		A5F6E17D1ECDC7BB00C2C8AC /* YYHConst.h */ = {isa = PBXFileReference; fileEncoding = 4; lastKnownFileType = sourcecode.c.h; path = YYHConst.h; sourceTree = "<group>"; };
		A5F6E17E1ECDC7BB00C2C8AC /* YYHConst.m */ = {isa = PBXFileReference; fileEncoding = 4; lastKnownFileType = sourcecode.c.objc; path = YYHConst.m; sourceTree = "<group>"; };
		A5F6E1801ECDC87D00C2C8AC /* NZ Driving Test.pch */ = {isa = PBXFileReference; lastKnownFileType = sourcecode.c.h; path = "NZ Driving Test.pch"; sourceTree = "<group>"; };
		A5F6E1811ECDCA7C00C2C8AC /* UIView+YYHFrame.h */ = {isa = PBXFileReference; fileEncoding = 4; lastKnownFileType = sourcecode.c.h; path = "UIView+YYHFrame.h"; sourceTree = "<group>"; };
		A5F6E1821ECDCA7C00C2C8AC /* UIView+YYHFrame.m */ = {isa = PBXFileReference; fileEncoding = 4; lastKnownFileType = sourcecode.c.objc; path = "UIView+YYHFrame.m"; sourceTree = "<group>"; };
		A5F6E1871ECDCB3400C2C8AC /* YYHSettingController.h */ = {isa = PBXFileReference; fileEncoding = 4; lastKnownFileType = sourcecode.c.h; path = YYHSettingController.h; sourceTree = "<group>"; };
		A5F6E1881ECDCB3400C2C8AC /* YYHSettingController.m */ = {isa = PBXFileReference; fileEncoding = 4; lastKnownFileType = sourcecode.c.objc; path = YYHSettingController.m; sourceTree = "<group>"; };
		A5F6E18A1ECDCC9D00C2C8AC /* YYHHomeViewController.h */ = {isa = PBXFileReference; fileEncoding = 4; lastKnownFileType = sourcecode.c.h; path = YYHHomeViewController.h; sourceTree = "<group>"; };
		A5F6E18B1ECDCC9D00C2C8AC /* YYHHomeViewController.m */ = {isa = PBXFileReference; fileEncoding = 4; lastKnownFileType = sourcecode.c.objc; path = YYHHomeViewController.m; sourceTree = "<group>"; };
		A5F6E1901ECDD49A00C2C8AC /* MJDictionaryCache.h */ = {isa = PBXFileReference; fileEncoding = 4; lastKnownFileType = sourcecode.c.h; path = MJDictionaryCache.h; sourceTree = "<group>"; };
		A5F6E1911ECDD49A00C2C8AC /* MJDictionaryCache.m */ = {isa = PBXFileReference; fileEncoding = 4; lastKnownFileType = sourcecode.c.objc; path = MJDictionaryCache.m; sourceTree = "<group>"; };
		A5F6E1921ECDD49A00C2C8AC /* MJExtension.h */ = {isa = PBXFileReference; fileEncoding = 4; lastKnownFileType = sourcecode.c.h; path = MJExtension.h; sourceTree = "<group>"; };
		A5F6E1931ECDD49A00C2C8AC /* MJExtensionConst.h */ = {isa = PBXFileReference; fileEncoding = 4; lastKnownFileType = sourcecode.c.h; path = MJExtensionConst.h; sourceTree = "<group>"; };
		A5F6E1941ECDD49A00C2C8AC /* MJExtensionConst.m */ = {isa = PBXFileReference; fileEncoding = 4; lastKnownFileType = sourcecode.c.objc; path = MJExtensionConst.m; sourceTree = "<group>"; };
		A5F6E1951ECDD49A00C2C8AC /* MJFoundation.h */ = {isa = PBXFileReference; fileEncoding = 4; lastKnownFileType = sourcecode.c.h; path = MJFoundation.h; sourceTree = "<group>"; };
		A5F6E1961ECDD49A00C2C8AC /* MJFoundation.m */ = {isa = PBXFileReference; fileEncoding = 4; lastKnownFileType = sourcecode.c.objc; path = MJFoundation.m; sourceTree = "<group>"; };
		A5F6E1971ECDD49A00C2C8AC /* MJProperty.h */ = {isa = PBXFileReference; fileEncoding = 4; lastKnownFileType = sourcecode.c.h; path = MJProperty.h; sourceTree = "<group>"; };
		A5F6E1981ECDD49A00C2C8AC /* MJProperty.m */ = {isa = PBXFileReference; fileEncoding = 4; lastKnownFileType = sourcecode.c.objc; path = MJProperty.m; sourceTree = "<group>"; };
		A5F6E1991ECDD49A00C2C8AC /* MJPropertyKey.h */ = {isa = PBXFileReference; fileEncoding = 4; lastKnownFileType = sourcecode.c.h; path = MJPropertyKey.h; sourceTree = "<group>"; };
		A5F6E19A1ECDD49A00C2C8AC /* MJPropertyKey.m */ = {isa = PBXFileReference; fileEncoding = 4; lastKnownFileType = sourcecode.c.objc; path = MJPropertyKey.m; sourceTree = "<group>"; };
		A5F6E19B1ECDD49A00C2C8AC /* MJPropertyType.h */ = {isa = PBXFileReference; fileEncoding = 4; lastKnownFileType = sourcecode.c.h; path = MJPropertyType.h; sourceTree = "<group>"; };
		A5F6E19C1ECDD49A00C2C8AC /* MJPropertyType.m */ = {isa = PBXFileReference; fileEncoding = 4; lastKnownFileType = sourcecode.c.objc; path = MJPropertyType.m; sourceTree = "<group>"; };
		A5F6E19D1ECDD49A00C2C8AC /* NSObject+MJClass.h */ = {isa = PBXFileReference; fileEncoding = 4; lastKnownFileType = sourcecode.c.h; path = "NSObject+MJClass.h"; sourceTree = "<group>"; };
		A5F6E19E1ECDD49A00C2C8AC /* NSObject+MJClass.m */ = {isa = PBXFileReference; fileEncoding = 4; lastKnownFileType = sourcecode.c.objc; path = "NSObject+MJClass.m"; sourceTree = "<group>"; };
		A5F6E19F1ECDD49A00C2C8AC /* NSObject+MJCoding.h */ = {isa = PBXFileReference; fileEncoding = 4; lastKnownFileType = sourcecode.c.h; path = "NSObject+MJCoding.h"; sourceTree = "<group>"; };
		A5F6E1A01ECDD49A00C2C8AC /* NSObject+MJCoding.m */ = {isa = PBXFileReference; fileEncoding = 4; lastKnownFileType = sourcecode.c.objc; path = "NSObject+MJCoding.m"; sourceTree = "<group>"; };
		A5F6E1A11ECDD49A00C2C8AC /* NSObject+MJKeyValue.h */ = {isa = PBXFileReference; fileEncoding = 4; lastKnownFileType = sourcecode.c.h; path = "NSObject+MJKeyValue.h"; sourceTree = "<group>"; };
		A5F6E1A21ECDD49A00C2C8AC /* NSObject+MJKeyValue.m */ = {isa = PBXFileReference; fileEncoding = 4; lastKnownFileType = sourcecode.c.objc; path = "NSObject+MJKeyValue.m"; sourceTree = "<group>"; };
		A5F6E1A31ECDD49A00C2C8AC /* NSObject+MJProperty.h */ = {isa = PBXFileReference; fileEncoding = 4; lastKnownFileType = sourcecode.c.h; path = "NSObject+MJProperty.h"; sourceTree = "<group>"; };
		A5F6E1A41ECDD49A00C2C8AC /* NSObject+MJProperty.m */ = {isa = PBXFileReference; fileEncoding = 4; lastKnownFileType = sourcecode.c.objc; path = "NSObject+MJProperty.m"; sourceTree = "<group>"; };
		A5F6E1A51ECDD49A00C2C8AC /* NSString+MJExtension.h */ = {isa = PBXFileReference; fileEncoding = 4; lastKnownFileType = sourcecode.c.h; path = "NSString+MJExtension.h"; sourceTree = "<group>"; };
		A5F6E1A61ECDD49A00C2C8AC /* NSString+MJExtension.m */ = {isa = PBXFileReference; fileEncoding = 4; lastKnownFileType = sourcecode.c.objc; path = "NSString+MJExtension.m"; sourceTree = "<group>"; };
		A5F6E1B21ECDD4F900C2C8AC /* YYHQuestionItem.h */ = {isa = PBXFileReference; fileEncoding = 4; lastKnownFileType = sourcecode.c.h; path = YYHQuestionItem.h; sourceTree = "<group>"; };
		A5F6E1B31ECDD4F900C2C8AC /* YYHQuestionItem.m */ = {isa = PBXFileReference; fileEncoding = 4; lastKnownFileType = sourcecode.c.objc; path = YYHQuestionItem.m; sourceTree = "<group>"; };
		A5F6E2451ED1A9E200C2C8AC /* YYHChooseTypeView.h */ = {isa = PBXFileReference; fileEncoding = 4; lastKnownFileType = sourcecode.c.h; path = YYHChooseTypeView.h; sourceTree = "<group>"; };
		A5F6E2461ED1A9E200C2C8AC /* YYHChooseTypeView.m */ = {isa = PBXFileReference; fileEncoding = 4; lastKnownFileType = sourcecode.c.objc; path = YYHChooseTypeView.m; sourceTree = "<group>"; };
		A5F6E2481ED1A9EA00C2C8AC /* YYHChooseTypeView.xib */ = {isa = PBXFileReference; fileEncoding = 4; lastKnownFileType = file.xib; path = YYHChooseTypeView.xib; sourceTree = "<group>"; };
		A5F6E24A1ED1B08100C2C8AC /* YYHHomeViewController.storyboard */ = {isa = PBXFileReference; fileEncoding = 4; lastKnownFileType = file.storyboard; path = YYHHomeViewController.storyboard; sourceTree = "<group>"; };
		A5F6E24C1ED1B91A00C2C8AC /* YYHButtonOnChooseTyepView.h */ = {isa = PBXFileReference; fileEncoding = 4; lastKnownFileType = sourcecode.c.h; path = YYHButtonOnChooseTyepView.h; sourceTree = "<group>"; };
		A5F6E24D1ED1B91A00C2C8AC /* YYHButtonOnChooseTyepView.m */ = {isa = PBXFileReference; fileEncoding = 4; lastKnownFileType = sourcecode.c.objc; path = YYHButtonOnChooseTyepView.m; sourceTree = "<group>"; };
		A5F6E24F1ED25C0C00C2C8AC /* YYHCatagoriesViewController.h */ = {isa = PBXFileReference; fileEncoding = 4; lastKnownFileType = sourcecode.c.h; path = YYHCatagoriesViewController.h; sourceTree = "<group>"; };
		A5F6E2501ED25C0C00C2C8AC /* YYHCatagoriesViewController.m */ = {isa = PBXFileReference; fileEncoding = 4; lastKnownFileType = sourcecode.c.objc; path = YYHCatagoriesViewController.m; sourceTree = "<group>"; };
		A5F6E2581ED3379700C2C8AC /* 正确.plist */ = {isa = PBXFileReference; fileEncoding = 4; lastKnownFileType = text.plist.xml; path = "正确.plist"; sourceTree = "<group>"; };
		A5F6E2591ED3379700C2C8AC /* 中文版问题.plist */ = {isa = PBXFileReference; fileEncoding = 4; lastKnownFileType = text.plist.xml; path = "中文版问题.plist"; sourceTree = "<group>"; };
		A5F6E25F1ED3556900C2C8AC /* YYHQuestionsCollectionViewController.h */ = {isa = PBXFileReference; fileEncoding = 4; lastKnownFileType = sourcecode.c.h; path = YYHQuestionsCollectionViewController.h; sourceTree = "<group>"; };
		A5F6E2601ED3556900C2C8AC /* YYHQuestionsCollectionViewController.m */ = {isa = PBXFileReference; fileEncoding = 4; lastKnownFileType = sourcecode.c.objc; path = YYHQuestionsCollectionViewController.m; sourceTree = "<group>"; };
		A5F6E2621ED355B100C2C8AC /* YYHQuestionsCollectionViewCell.h */ = {isa = PBXFileReference; fileEncoding = 4; lastKnownFileType = sourcecode.c.h; path = YYHQuestionsCollectionViewCell.h; sourceTree = "<group>"; };
		A5F6E2631ED355B100C2C8AC /* YYHQuestionsCollectionViewCell.m */ = {isa = PBXFileReference; fileEncoding = 4; lastKnownFileType = sourcecode.c.objc; path = YYHQuestionsCollectionViewCell.m; sourceTree = "<group>"; };
		A5F6E2641ED355B100C2C8AC /* YYHQuestionsCollectionViewCell.xib */ = {isa = PBXFileReference; fileEncoding = 4; lastKnownFileType = file.xib; path = YYHQuestionsCollectionViewCell.xib; sourceTree = "<group>"; };
		A5F6E2671ED3576E00C2C8AC /* YYHAnswerButton.h */ = {isa = PBXFileReference; fileEncoding = 4; lastKnownFileType = sourcecode.c.h; path = YYHAnswerButton.h; sourceTree = "<group>"; };
		A5F6E2681ED3576E00C2C8AC /* YYHAnswerButton.m */ = {isa = PBXFileReference; fileEncoding = 4; lastKnownFileType = sourcecode.c.objc; path = YYHAnswerButton.m; sourceTree = "<group>"; };
		A5F6E26B1ED3605D00C2C8AC /* 000.png */ = {isa = PBXFileReference; lastKnownFileType = image.png; path = 000.png; sourceTree = "<group>"; };
		A5F6E26C1ED3605D00C2C8AC /* 001.png */ = {isa = PBXFileReference; lastKnownFileType = image.png; path = 001.png; sourceTree = "<group>"; };
		A5F6E26D1ED3605D00C2C8AC /* 002.png */ = {isa = PBXFileReference; lastKnownFileType = image.png; path = 002.png; sourceTree = "<group>"; };
		A5F6E26E1ED3605D00C2C8AC /* 003.png */ = {isa = PBXFileReference; lastKnownFileType = image.png; path = 003.png; sourceTree = "<group>"; };
		A5F6E26F1ED3605D00C2C8AC /* 004.png */ = {isa = PBXFileReference; lastKnownFileType = image.png; path = 004.png; sourceTree = "<group>"; };
		A5F6E2701ED3605D00C2C8AC /* 005.png */ = {isa = PBXFileReference; lastKnownFileType = image.png; path = 005.png; sourceTree = "<group>"; };
		A5F6E2711ED3605D00C2C8AC /* 006.png */ = {isa = PBXFileReference; lastKnownFileType = image.png; path = 006.png; sourceTree = "<group>"; };
		A5F6E2721ED3605D00C2C8AC /* 007.png */ = {isa = PBXFileReference; lastKnownFileType = image.png; path = 007.png; sourceTree = "<group>"; };
		A5F6E2731ED3605D00C2C8AC /* 008.png */ = {isa = PBXFileReference; lastKnownFileType = image.png; path = 008.png; sourceTree = "<group>"; };
		A5F6E2741ED3605D00C2C8AC /* 009.png */ = {isa = PBXFileReference; lastKnownFileType = image.png; path = 009.png; sourceTree = "<group>"; };
		A5F6E2751ED3605D00C2C8AC /* 010.png */ = {isa = PBXFileReference; lastKnownFileType = image.png; path = 010.png; sourceTree = "<group>"; };
		A5F6E2761ED3605D00C2C8AC /* 011.png */ = {isa = PBXFileReference; lastKnownFileType = image.png; path = 011.png; sourceTree = "<group>"; };
		A5F6E2771ED3605D00C2C8AC /* 012.png */ = {isa = PBXFileReference; lastKnownFileType = image.png; path = 012.png; sourceTree = "<group>"; };
		A5F6E2781ED3605D00C2C8AC /* 013.png */ = {isa = PBXFileReference; lastKnownFileType = image.png; path = 013.png; sourceTree = "<group>"; };
		A5F6E2791ED3605D00C2C8AC /* 014.png */ = {isa = PBXFileReference; lastKnownFileType = image.png; path = 014.png; sourceTree = "<group>"; };
		A5F6E27A1ED3605D00C2C8AC /* 015.png */ = {isa = PBXFileReference; lastKnownFileType = image.png; path = 015.png; sourceTree = "<group>"; };
		A5F6E27B1ED3605D00C2C8AC /* 016.png */ = {isa = PBXFileReference; lastKnownFileType = image.png; path = 016.png; sourceTree = "<group>"; };
		A5F6E27C1ED3605D00C2C8AC /* 017.png */ = {isa = PBXFileReference; lastKnownFileType = image.png; path = 017.png; sourceTree = "<group>"; };
		A5F6E27D1ED3605D00C2C8AC /* 018.png */ = {isa = PBXFileReference; lastKnownFileType = image.png; path = 018.png; sourceTree = "<group>"; };
		A5F6E27E1ED3605D00C2C8AC /* 019.png */ = {isa = PBXFileReference; lastKnownFileType = image.png; path = 019.png; sourceTree = "<group>"; };
		A5F6E27F1ED3605D00C2C8AC /* 020.png */ = {isa = PBXFileReference; lastKnownFileType = image.png; path = 020.png; sourceTree = "<group>"; };
		A5F6E2801ED3605D00C2C8AC /* 021.png */ = {isa = PBXFileReference; lastKnownFileType = image.png; path = 021.png; sourceTree = "<group>"; };
		A5F6E2811ED3605D00C2C8AC /* 022.png */ = {isa = PBXFileReference; lastKnownFileType = image.png; path = 022.png; sourceTree = "<group>"; };
		A5F6E2821ED3605D00C2C8AC /* 024.png */ = {isa = PBXFileReference; lastKnownFileType = image.png; path = 024.png; sourceTree = "<group>"; };
		A5F6E2831ED3605D00C2C8AC /* 025.png */ = {isa = PBXFileReference; lastKnownFileType = image.png; path = 025.png; sourceTree = "<group>"; };
		A5F6E2841ED3605D00C2C8AC /* 027.png */ = {isa = PBXFileReference; lastKnownFileType = image.png; path = 027.png; sourceTree = "<group>"; };
		A5F6E2851ED3605D00C2C8AC /* 028.png */ = {isa = PBXFileReference; lastKnownFileType = image.png; path = 028.png; sourceTree = "<group>"; };
		A5F6E2861ED3605D00C2C8AC /* 029.png */ = {isa = PBXFileReference; lastKnownFileType = image.png; path = 029.png; sourceTree = "<group>"; };
		A5F6E2871ED3605D00C2C8AC /* 030.png */ = {isa = PBXFileReference; lastKnownFileType = image.png; path = 030.png; sourceTree = "<group>"; };
		A5F6E2881ED3605D00C2C8AC /* 031.png */ = {isa = PBXFileReference; lastKnownFileType = image.png; path = 031.png; sourceTree = "<group>"; };
		A5F6E2891ED3605D00C2C8AC /* 032.png */ = {isa = PBXFileReference; lastKnownFileType = image.png; path = 032.png; sourceTree = "<group>"; };
		A5F6E28A1ED3605D00C2C8AC /* 033.png */ = {isa = PBXFileReference; lastKnownFileType = image.png; path = 033.png; sourceTree = "<group>"; };
		A5F6E28B1ED3605D00C2C8AC /* 034.png */ = {isa = PBXFileReference; lastKnownFileType = image.png; path = 034.png; sourceTree = "<group>"; };
		A5F6E28C1ED3605D00C2C8AC /* 035.png */ = {isa = PBXFileReference; lastKnownFileType = image.png; path = 035.png; sourceTree = "<group>"; };
		A5F6E28D1ED3605D00C2C8AC /* 036.png */ = {isa = PBXFileReference; lastKnownFileType = image.png; path = 036.png; sourceTree = "<group>"; };
		A5F6E28E1ED3605D00C2C8AC /* 037.png */ = {isa = PBXFileReference; lastKnownFileType = image.png; path = 037.png; sourceTree = "<group>"; };
		A5F6E28F1ED3605D00C2C8AC /* 038.png */ = {isa = PBXFileReference; lastKnownFileType = image.png; path = 038.png; sourceTree = "<group>"; };
		A5F6E2901ED3605D00C2C8AC /* 039.png */ = {isa = PBXFileReference; lastKnownFileType = image.png; path = 039.png; sourceTree = "<group>"; };
		A5F6E2911ED3605D00C2C8AC /* 040.png */ = {isa = PBXFileReference; lastKnownFileType = image.png; path = 040.png; sourceTree = "<group>"; };
		A5F6E2921ED3605D00C2C8AC /* 041.png */ = {isa = PBXFileReference; lastKnownFileType = image.png; path = 041.png; sourceTree = "<group>"; };
		A5F6E2931ED3605D00C2C8AC /* 042.png */ = {isa = PBXFileReference; lastKnownFileType = image.png; path = 042.png; sourceTree = "<group>"; };
		A5F6E2941ED3605D00C2C8AC /* 043.png */ = {isa = PBXFileReference; lastKnownFileType = image.png; path = 043.png; sourceTree = "<group>"; };
		A5F6E2951ED3605D00C2C8AC /* 044.png */ = {isa = PBXFileReference; lastKnownFileType = image.png; path = 044.png; sourceTree = "<group>"; };
		A5F6E2961ED3605D00C2C8AC /* 045.png */ = {isa = PBXFileReference; lastKnownFileType = image.png; path = 045.png; sourceTree = "<group>"; };
		A5F6E2971ED3605D00C2C8AC /* 046.png */ = {isa = PBXFileReference; lastKnownFileType = image.png; path = 046.png; sourceTree = "<group>"; };
		A5F6E2981ED3605D00C2C8AC /* 047.png */ = {isa = PBXFileReference; lastKnownFileType = image.png; path = 047.png; sourceTree = "<group>"; };
		A5F6E2991ED3605D00C2C8AC /* 048.png */ = {isa = PBXFileReference; lastKnownFileType = image.png; path = 048.png; sourceTree = "<group>"; };
		A5F6E29A1ED3605D00C2C8AC /* 049.png */ = {isa = PBXFileReference; lastKnownFileType = image.png; path = 049.png; sourceTree = "<group>"; };
		A5F6E29B1ED3605D00C2C8AC /* 050.png */ = {isa = PBXFileReference; lastKnownFileType = image.png; path = 050.png; sourceTree = "<group>"; };
		A5F6E29C1ED3605D00C2C8AC /* 051.png */ = {isa = PBXFileReference; lastKnownFileType = image.png; path = 051.png; sourceTree = "<group>"; };
		A5F6E29D1ED3605D00C2C8AC /* 052.png */ = {isa = PBXFileReference; lastKnownFileType = image.png; path = 052.png; sourceTree = "<group>"; };
		A5F6E29E1ED3605D00C2C8AC /* 053.png */ = {isa = PBXFileReference; lastKnownFileType = image.png; path = 053.png; sourceTree = "<group>"; };
		A5F6E29F1ED3605D00C2C8AC /* 054.png */ = {isa = PBXFileReference; lastKnownFileType = image.png; path = 054.png; sourceTree = "<group>"; };
		A5F6E2A01ED3605D00C2C8AC /* 055.png */ = {isa = PBXFileReference; lastKnownFileType = image.png; path = 055.png; sourceTree = "<group>"; };
		A5F6E2A11ED3605D00C2C8AC /* 056.png */ = {isa = PBXFileReference; lastKnownFileType = image.png; path = 056.png; sourceTree = "<group>"; };
		A5F6E2A21ED3605D00C2C8AC /* 057.png */ = {isa = PBXFileReference; lastKnownFileType = image.png; path = 057.png; sourceTree = "<group>"; };
		A5F6E2A31ED3605D00C2C8AC /* 058.png */ = {isa = PBXFileReference; lastKnownFileType = image.png; path = 058.png; sourceTree = "<group>"; };
		A5F6E2A41ED3605D00C2C8AC /* 059.png */ = {isa = PBXFileReference; lastKnownFileType = image.png; path = 059.png; sourceTree = "<group>"; };
		A5F6E2A51ED3605D00C2C8AC /* 060.png */ = {isa = PBXFileReference; lastKnownFileType = image.png; path = 060.png; sourceTree = "<group>"; };
		A5F6E2A61ED3605D00C2C8AC /* 061.png */ = {isa = PBXFileReference; lastKnownFileType = image.png; path = 061.png; sourceTree = "<group>"; };
		A5F6E2A71ED3605D00C2C8AC /* 062.png */ = {isa = PBXFileReference; lastKnownFileType = image.png; path = 062.png; sourceTree = "<group>"; };
		A5F6E2A81ED3605D00C2C8AC /* 063.png */ = {isa = PBXFileReference; lastKnownFileType = image.png; path = 063.png; sourceTree = "<group>"; };
		A5F6E2A91ED3605D00C2C8AC /* 064.png */ = {isa = PBXFileReference; lastKnownFileType = image.png; path = 064.png; sourceTree = "<group>"; };
		A5F6E2AA1ED3605D00C2C8AC /* 065.png */ = {isa = PBXFileReference; lastKnownFileType = image.png; path = 065.png; sourceTree = "<group>"; };
		A5F6E2AB1ED3605D00C2C8AC /* 24.png */ = {isa = PBXFileReference; lastKnownFileType = image.png; path = 24.png; sourceTree = "<group>"; };
		A5F6E2ED1ED5890300C2C8AC /* YYHCatagoriesCell.h */ = {isa = PBXFileReference; fileEncoding = 4; lastKnownFileType = sourcecode.c.h; path = YYHCatagoriesCell.h; sourceTree = "<group>"; };
		A5F6E2EE1ED5890300C2C8AC /* YYHCatagoriesCell.m */ = {isa = PBXFileReference; fileEncoding = 4; lastKnownFileType = sourcecode.c.objc; path = YYHCatagoriesCell.m; sourceTree = "<group>"; };
		A5F6E2EF1ED5890300C2C8AC /* YYHCatagoriesCell.xib */ = {isa = PBXFileReference; fileEncoding = 4; lastKnownFileType = file.xib; path = YYHCatagoriesCell.xib; sourceTree = "<group>"; };
		A5FC77F11EE1A5AC00BF41D8 /* YYHShowRightViewController.h */ = {isa = PBXFileReference; fileEncoding = 4; lastKnownFileType = sourcecode.c.h; path = YYHShowRightViewController.h; sourceTree = "<group>"; };
		A5FC77F21EE1A5AC00BF41D8 /* YYHShowRightViewController.m */ = {isa = PBXFileReference; fileEncoding = 4; lastKnownFileType = sourcecode.c.objc; path = YYHShowRightViewController.m; sourceTree = "<group>"; };
		A5FC77F31EE1A5AC00BF41D8 /* YYHShowRightViewController.xib */ = {isa = PBXFileReference; fileEncoding = 4; lastKnownFileType = file.xib; path = YYHShowRightViewController.xib; sourceTree = "<group>"; };
/* End PBXFileReference section */

/* Begin PBXFrameworksBuildPhase section */
		A56F2E331EC5D9E900DCF2D2 /* Frameworks */ = {
			isa = PBXFrameworksBuildPhase;
			buildActionMask = 2147483647;
			files = (
			);
			runOnlyForDeploymentPostprocessing = 0;
		};
/* End PBXFrameworksBuildPhase section */

/* Begin PBXGroup section */
		A56F2E2D1EC5D9E900DCF2D2 = {
			isa = PBXGroup;
			children = (
				A56F2E381EC5D9E900DCF2D2 /* NZ Driving Test */,
				A56F2E371EC5D9E900DCF2D2 /* Products */,
			);
			sourceTree = "<group>";
		};
		A56F2E371EC5D9E900DCF2D2 /* Products */ = {
			isa = PBXGroup;
			children = (
				A56F2E361EC5D9E900DCF2D2 /* NZ Driving Test.app */,
			);
			name = Products;
			sourceTree = "<group>";
		};
		A56F2E381EC5D9E900DCF2D2 /* NZ Driving Test */ = {
			isa = PBXGroup;
			children = (
				A5F6E1591ECDC27000C2C8AC /* Classes */,
				A56F2E451EC5D9E900DCF2D2 /* Assets.xcassets */,
				A56F2E421EC5D9E900DCF2D2 /* Main.storyboard */,
				A56F2E471EC5D9E900DCF2D2 /* LaunchScreen.storyboard */,
				A56F2E4A1EC5D9E900DCF2D2 /* Info.plist */,
				A56F2E391EC5D9E900DCF2D2 /* Supporting Files */,
			);
			path = "NZ Driving Test";
			sourceTree = "<group>";
		};
		A56F2E391EC5D9E900DCF2D2 /* Supporting Files */ = {
			isa = PBXGroup;
			children = (
			);
			name = "Supporting Files";
			sourceTree = "<group>";
		};
		A5F6E1591ECDC27000C2C8AC /* Classes */ = {
			isa = PBXGroup;
			children = (
				A5F6E15A1ECDC27000C2C8AC /* Home */,
				A5F6E15E1ECDC27000C2C8AC /* Main */,
				A5F6E1621ECDC27000C2C8AC /* Other */,
				A5F6E1661ECDC27000C2C8AC /* Setting */,
				A5F6E16A1ECDC27000C2C8AC /* Statistics */,
			);
			path = Classes;
			sourceTree = "<group>";
		};
		A5F6E15A1ECDC27000C2C8AC /* Home */ = {
			isa = PBXGroup;
			children = (
				A5F6E15B1ECDC27000C2C8AC /* Controller */,
				A5F6E15C1ECDC27000C2C8AC /* Model */,
				A5F6E15D1ECDC27000C2C8AC /* View */,
			);
			path = Home;
			sourceTree = "<group>";
		};
		A5F6E15B1ECDC27000C2C8AC /* Controller */ = {
			isa = PBXGroup;
			children = (
				A5F6E18A1ECDCC9D00C2C8AC /* YYHHomeViewController.h */,
				A5F6E18B1ECDCC9D00C2C8AC /* YYHHomeViewController.m */,
				A5F6E24A1ED1B08100C2C8AC /* YYHHomeViewController.storyboard */,
				A5F6E24F1ED25C0C00C2C8AC /* YYHCatagoriesViewController.h */,
				A5F6E2501ED25C0C00C2C8AC /* YYHCatagoriesViewController.m */,
				A5F6E25F1ED3556900C2C8AC /* YYHQuestionsCollectionViewController.h */,
				A5F6E2601ED3556900C2C8AC /* YYHQuestionsCollectionViewController.m */,
			);
			path = Controller;
			sourceTree = "<group>";
		};
		A5F6E15C1ECDC27000C2C8AC /* Model */ = {
			isa = PBXGroup;
			children = (
				A5F6E1B21ECDD4F900C2C8AC /* YYHQuestionItem.h */,
				A5F6E1B31ECDD4F900C2C8AC /* YYHQuestionItem.m */,
			);
			path = Model;
			sourceTree = "<group>";
		};
		A5F6E15D1ECDC27000C2C8AC /* View */ = {
			isa = PBXGroup;
			children = (
				A5F6E2451ED1A9E200C2C8AC /* YYHChooseTypeView.h */,
				A5F6E2461ED1A9E200C2C8AC /* YYHChooseTypeView.m */,
				A5F6E2481ED1A9EA00C2C8AC /* YYHChooseTypeView.xib */,
				A5F6E24C1ED1B91A00C2C8AC /* YYHButtonOnChooseTyepView.h */,
				A5F6E24D1ED1B91A00C2C8AC /* YYHButtonOnChooseTyepView.m */,
				A5F6E2621ED355B100C2C8AC /* YYHQuestionsCollectionViewCell.h */,
				A5F6E2631ED355B100C2C8AC /* YYHQuestionsCollectionViewCell.m */,
				A5F6E2641ED355B100C2C8AC /* YYHQuestionsCollectionViewCell.xib */,
				A5F6E2671ED3576E00C2C8AC /* YYHAnswerButton.h */,
				A5F6E2681ED3576E00C2C8AC /* YYHAnswerButton.m */,
				A5F6E2ED1ED5890300C2C8AC /* YYHCatagoriesCell.h */,
				A5F6E2EE1ED5890300C2C8AC /* YYHCatagoriesCell.m */,
				A5F6E2EF1ED5890300C2C8AC /* YYHCatagoriesCell.xib */,
			);
			path = View;
			sourceTree = "<group>";
		};
		A5F6E15E1ECDC27000C2C8AC /* Main */ = {
			isa = PBXGroup;
			children = (
				A5F6E15F1ECDC27000C2C8AC /* Controller */,
				A5F6E1601ECDC27000C2C8AC /* Model */,
				A5F6E1611ECDC27000C2C8AC /* View */,
			);
			path = Main;
			sourceTree = "<group>";
		};
		A5F6E15F1ECDC27000C2C8AC /* Controller */ = {
			isa = PBXGroup;
			children = (
				A5F6E1701ECDC6B800C2C8AC /* YYHTabBarViewController.h */,
				A5F6E1711ECDC6B800C2C8AC /* YYHTabBarViewController.m */,
				A5F6E1731ECDC6D600C2C8AC /* YYHNavigationController.h */,
				A5F6E1741ECDC6D600C2C8AC /* YYHNavigationController.m */,
			);
			path = Controller;
			sourceTree = "<group>";
		};
		A5F6E1601ECDC27000C2C8AC /* Model */ = {
			isa = PBXGroup;
			children = (
			);
			path = Model;
			sourceTree = "<group>";
		};
		A5F6E1611ECDC27000C2C8AC /* View */ = {
			isa = PBXGroup;
			children = (
			);
			path = View;
			sourceTree = "<group>";
		};
		A5F6E1621ECDC27000C2C8AC /* Other */ = {
			isa = PBXGroup;
			children = (
				A5F6E26A1ED3605D00C2C8AC /* 题库图片 */,
				A5F6E2581ED3379700C2C8AC /* 正确.plist */,
				A5F6E2591ED3379700C2C8AC /* 中文版问题.plist */,
				A5F6E18F1ECDD49A00C2C8AC /* MJExtension */,
				A5F6E1761ECDC77600C2C8AC /* Categories */,
				A5F6E1631ECDC27000C2C8AC /* AppDelegate.h */,
				A5F6E1641ECDC27000C2C8AC /* AppDelegate.m */,
				A5F6E1651ECDC27000C2C8AC /* main.m */,
				A5F6E17D1ECDC7BB00C2C8AC /* YYHConst.h */,
				A5F6E17E1ECDC7BB00C2C8AC /* YYHConst.m */,
				A5F6E1801ECDC87D00C2C8AC /* NZ Driving Test.pch */,
			);
			path = Other;
			sourceTree = "<group>";
		};
		A5F6E1661ECDC27000C2C8AC /* Setting */ = {
			isa = PBXGroup;
			children = (
				A5F6E1671ECDC27000C2C8AC /* Controller */,
				A5F6E1681ECDC27000C2C8AC /* Model */,
				A5F6E1691ECDC27000C2C8AC /* View */,
			);
			path = Setting;
			sourceTree = "<group>";
		};
		A5F6E1671ECDC27000C2C8AC /* Controller */ = {
			isa = PBXGroup;
			children = (
				A5F6E1871ECDCB3400C2C8AC /* YYHSettingController.h */,
				A5F6E1881ECDCB3400C2C8AC /* YYHSettingController.m */,
			);
			path = Controller;
			sourceTree = "<group>";
		};
		A5F6E1681ECDC27000C2C8AC /* Model */ = {
			isa = PBXGroup;
			children = (
			);
			path = Model;
			sourceTree = "<group>";
		};
		A5F6E1691ECDC27000C2C8AC /* View */ = {
			isa = PBXGroup;
			children = (
			);
			path = View;
			sourceTree = "<group>";
		};
		A5F6E16A1ECDC27000C2C8AC /* Statistics */ = {
			isa = PBXGroup;
			children = (
				A5F6E16B1ECDC27000C2C8AC /* Controller */,
				A5F6E16C1ECDC27000C2C8AC /* Model */,
				A5F6E16D1ECDC27000C2C8AC /* View */,
			);
			path = Statistics;
			sourceTree = "<group>";
		};
		A5F6E16B1ECDC27000C2C8AC /* Controller */ = {
			isa = PBXGroup;
			children = (
				A507D1871EE14FBA00FDC5CE /* YYHStatictisController.h */,
				A507D1881EE14FBA00FDC5CE /* YYHStatictisController.m */,
				A5FC77F11EE1A5AC00BF41D8 /* YYHShowRightViewController.h */,
				A5FC77F21EE1A5AC00BF41D8 /* YYHShowRightViewController.m */,
				A5FC77F31EE1A5AC00BF41D8 /* YYHShowRightViewController.xib */,
			);
			path = Controller;
			sourceTree = "<group>";
		};
		A5F6E16C1ECDC27000C2C8AC /* Model */ = {
			isa = PBXGroup;
			children = (
			);
			path = Model;
			sourceTree = "<group>";
		};
		A5F6E16D1ECDC27000C2C8AC /* View */ = {
			isa = PBXGroup;
			children = (
				A531758F1EDEBFDC00821472 /* YYHWrongCell.h */,
				A53175901EDEBFDC00821472 /* YYHWrongCell.m */,
				A53175911EDEBFDC00821472 /* YYHWrongCell.xib */,
			);
			path = View;
			sourceTree = "<group>";
		};
		A5F6E1761ECDC77600C2C8AC /* Categories */ = {
			isa = PBXGroup;
			children = (
				A5F6E1811ECDCA7C00C2C8AC /* UIView+YYHFrame.h */,
				A5F6E1821ECDCA7C00C2C8AC /* UIView+YYHFrame.m */,
				A5F6E1771ECDC77600C2C8AC /* UIBarButtonItem+YYHBarButton.h */,
				A5F6E1781ECDC77600C2C8AC /* UIBarButtonItem+YYHBarButton.m */,
				A5F6E1791ECDC77600C2C8AC /* UIImage+WithoutRendering.h */,
				A5F6E17A1ECDC77600C2C8AC /* UIImage+WithoutRendering.m */,
			);
			path = Categories;
			sourceTree = "<group>";
		};
		A5F6E18F1ECDD49A00C2C8AC /* MJExtension */ = {
			isa = PBXGroup;
			children = (
				A5F6E1901ECDD49A00C2C8AC /* MJDictionaryCache.h */,
				A5F6E1911ECDD49A00C2C8AC /* MJDictionaryCache.m */,
				A5F6E1921ECDD49A00C2C8AC /* MJExtension.h */,
				A5F6E1931ECDD49A00C2C8AC /* MJExtensionConst.h */,
				A5F6E1941ECDD49A00C2C8AC /* MJExtensionConst.m */,
				A5F6E1951ECDD49A00C2C8AC /* MJFoundation.h */,
				A5F6E1961ECDD49A00C2C8AC /* MJFoundation.m */,
				A5F6E1971ECDD49A00C2C8AC /* MJProperty.h */,
				A5F6E1981ECDD49A00C2C8AC /* MJProperty.m */,
				A5F6E1991ECDD49A00C2C8AC /* MJPropertyKey.h */,
				A5F6E19A1ECDD49A00C2C8AC /* MJPropertyKey.m */,
				A5F6E19B1ECDD49A00C2C8AC /* MJPropertyType.h */,
				A5F6E19C1ECDD49A00C2C8AC /* MJPropertyType.m */,
				A5F6E19D1ECDD49A00C2C8AC /* NSObject+MJClass.h */,
				A5F6E19E1ECDD49A00C2C8AC /* NSObject+MJClass.m */,
				A5F6E19F1ECDD49A00C2C8AC /* NSObject+MJCoding.h */,
				A5F6E1A01ECDD49A00C2C8AC /* NSObject+MJCoding.m */,
				A5F6E1A11ECDD49A00C2C8AC /* NSObject+MJKeyValue.h */,
				A5F6E1A21ECDD49A00C2C8AC /* NSObject+MJKeyValue.m */,
				A5F6E1A31ECDD49A00C2C8AC /* NSObject+MJProperty.h */,
				A5F6E1A41ECDD49A00C2C8AC /* NSObject+MJProperty.m */,
				A5F6E1A51ECDD49A00C2C8AC /* NSString+MJExtension.h */,
				A5F6E1A61ECDD49A00C2C8AC /* NSString+MJExtension.m */,
			);
			path = MJExtension;
			sourceTree = "<group>";
		};
		A5F6E26A1ED3605D00C2C8AC /* 题库图片 */ = {
			isa = PBXGroup;
			children = (
				A5F6E26B1ED3605D00C2C8AC /* 000.png */,
				A5F6E26C1ED3605D00C2C8AC /* 001.png */,
				A5F6E26D1ED3605D00C2C8AC /* 002.png */,
				A5F6E26E1ED3605D00C2C8AC /* 003.png */,
				A5F6E26F1ED3605D00C2C8AC /* 004.png */,
				A5F6E2701ED3605D00C2C8AC /* 005.png */,
				A5F6E2711ED3605D00C2C8AC /* 006.png */,
				A5F6E2721ED3605D00C2C8AC /* 007.png */,
				A5F6E2731ED3605D00C2C8AC /* 008.png */,
				A5F6E2741ED3605D00C2C8AC /* 009.png */,
				A5F6E2751ED3605D00C2C8AC /* 010.png */,
				A5F6E2761ED3605D00C2C8AC /* 011.png */,
				A5F6E2771ED3605D00C2C8AC /* 012.png */,
				A5F6E2781ED3605D00C2C8AC /* 013.png */,
				A5F6E2791ED3605D00C2C8AC /* 014.png */,
				A5F6E27A1ED3605D00C2C8AC /* 015.png */,
				A5F6E27B1ED3605D00C2C8AC /* 016.png */,
				A5F6E27C1ED3605D00C2C8AC /* 017.png */,
				A5F6E27D1ED3605D00C2C8AC /* 018.png */,
				A5F6E27E1ED3605D00C2C8AC /* 019.png */,
				A5F6E27F1ED3605D00C2C8AC /* 020.png */,
				A5F6E2801ED3605D00C2C8AC /* 021.png */,
				A5F6E2811ED3605D00C2C8AC /* 022.png */,
				A5F6E2821ED3605D00C2C8AC /* 024.png */,
				A5F6E2831ED3605D00C2C8AC /* 025.png */,
				A5F6E2841ED3605D00C2C8AC /* 027.png */,
				A5F6E2851ED3605D00C2C8AC /* 028.png */,
				A5F6E2861ED3605D00C2C8AC /* 029.png */,
				A5F6E2871ED3605D00C2C8AC /* 030.png */,
				A5F6E2881ED3605D00C2C8AC /* 031.png */,
				A5F6E2891ED3605D00C2C8AC /* 032.png */,
				A5F6E28A1ED3605D00C2C8AC /* 033.png */,
				A5F6E28B1ED3605D00C2C8AC /* 034.png */,
				A5F6E28C1ED3605D00C2C8AC /* 035.png */,
				A5F6E28D1ED3605D00C2C8AC /* 036.png */,
				A5F6E28E1ED3605D00C2C8AC /* 037.png */,
				A5F6E28F1ED3605D00C2C8AC /* 038.png */,
				A5F6E2901ED3605D00C2C8AC /* 039.png */,
				A5F6E2911ED3605D00C2C8AC /* 040.png */,
				A5F6E2921ED3605D00C2C8AC /* 041.png */,
				A5F6E2931ED3605D00C2C8AC /* 042.png */,
				A5F6E2941ED3605D00C2C8AC /* 043.png */,
				A5F6E2951ED3605D00C2C8AC /* 044.png */,
				A5F6E2961ED3605D00C2C8AC /* 045.png */,
				A5F6E2971ED3605D00C2C8AC /* 046.png */,
				A5F6E2981ED3605D00C2C8AC /* 047.png */,
				A5F6E2991ED3605D00C2C8AC /* 048.png */,
				A5F6E29A1ED3605D00C2C8AC /* 049.png */,
				A5F6E29B1ED3605D00C2C8AC /* 050.png */,
				A5F6E29C1ED3605D00C2C8AC /* 051.png */,
				A5F6E29D1ED3605D00C2C8AC /* 052.png */,
				A5F6E29E1ED3605D00C2C8AC /* 053.png */,
				A5F6E29F1ED3605D00C2C8AC /* 054.png */,
				A5F6E2A01ED3605D00C2C8AC /* 055.png */,
				A5F6E2A11ED3605D00C2C8AC /* 056.png */,
				A5F6E2A21ED3605D00C2C8AC /* 057.png */,
				A5F6E2A31ED3605D00C2C8AC /* 058.png */,
				A5F6E2A41ED3605D00C2C8AC /* 059.png */,
				A5F6E2A51ED3605D00C2C8AC /* 060.png */,
				A5F6E2A61ED3605D00C2C8AC /* 061.png */,
				A5F6E2A71ED3605D00C2C8AC /* 062.png */,
				A5F6E2A81ED3605D00C2C8AC /* 063.png */,
				A5F6E2A91ED3605D00C2C8AC /* 064.png */,
				A5F6E2AA1ED3605D00C2C8AC /* 065.png */,
				A5F6E2AB1ED3605D00C2C8AC /* 24.png */,
			);
			path = "题库图片";
			sourceTree = "<group>";
		};
/* End PBXGroup section */

/* Begin PBXNativeTarget section */
		A56F2E351EC5D9E900DCF2D2 /* NZ Driving Test */ = {
			isa = PBXNativeTarget;
			buildConfigurationList = A56F2E4D1EC5D9E900DCF2D2 /* Build configuration list for PBXNativeTarget "NZ Driving Test" */;
			buildPhases = (
				A56F2E321EC5D9E900DCF2D2 /* Sources */,
				A56F2E331EC5D9E900DCF2D2 /* Frameworks */,
				A56F2E341EC5D9E900DCF2D2 /* Resources */,
			);
			buildRules = (
			);
			dependencies = (
			);
			name = "NZ Driving Test";
			productName = "NZ Driving Test";
			productReference = A56F2E361EC5D9E900DCF2D2 /* NZ Driving Test.app */;
			productType = "com.apple.product-type.application";
		};
/* End PBXNativeTarget section */

/* Begin PBXProject section */
		A56F2E2E1EC5D9E900DCF2D2 /* Project object */ = {
			isa = PBXProject;
			attributes = {
				CLASSPREFIX = YYH;
				LastUpgradeCheck = 0820;
				ORGANIZATIONNAME = "姚懿恒";
				TargetAttributes = {
					A56F2E351EC5D9E900DCF2D2 = {
						CreatedOnToolsVersion = 8.2.1;
						DevelopmentTeam = GA7XQJP4M7;
						ProvisioningStyle = Automatic;
					};
				};
			};
			buildConfigurationList = A56F2E311EC5D9E900DCF2D2 /* Build configuration list for PBXProject "NZ Driving Test" */;
			compatibilityVersion = "Xcode 3.2";
			developmentRegion = English;
			hasScannedForEncodings = 0;
			knownRegions = (
				en,
				Base,
			);
			mainGroup = A56F2E2D1EC5D9E900DCF2D2;
			productRefGroup = A56F2E371EC5D9E900DCF2D2 /* Products */;
			projectDirPath = "";
			projectRoot = "";
			targets = (
				A56F2E351EC5D9E900DCF2D2 /* NZ Driving Test */,
			);
		};
/* End PBXProject section */

/* Begin PBXResourcesBuildPhase section */
		A56F2E341EC5D9E900DCF2D2 /* Resources */ = {
			isa = PBXResourcesBuildPhase;
			buildActionMask = 2147483647;
			files = (
				A5F6E2D51ED3605D00C2C8AC /* 043.png in Resources */,
				A5F6E2CD1ED3605D00C2C8AC /* 035.png in Resources */,
				A5F6E2B21ED3605D00C2C8AC /* 006.png in Resources */,
				A5F6E2DC1ED3605D00C2C8AC /* 050.png in Resources */,
				A5F6E2CB1ED3605D00C2C8AC /* 033.png in Resources */,
				A5F6E2B11ED3605D00C2C8AC /* 005.png in Resources */,
				A5F6E2BF1ED3605D00C2C8AC /* 019.png in Resources */,
				A5F6E2C41ED3605D00C2C8AC /* 025.png in Resources */,
				A5F6E2B01ED3605D00C2C8AC /* 004.png in Resources */,
				A5F6E2E71ED3605D00C2C8AC /* 061.png in Resources */,
				A5F6E2E41ED3605D00C2C8AC /* 058.png in Resources */,
				A5F6E2B61ED3605D00C2C8AC /* 010.png in Resources */,
				A5F6E2B51ED3605D00C2C8AC /* 009.png in Resources */,
				A5F6E2D91ED3605D00C2C8AC /* 047.png in Resources */,
				A5F6E2CA1ED3605D00C2C8AC /* 032.png in Resources */,
				A5F6E2DB1ED3605D00C2C8AC /* 049.png in Resources */,
				A5F6E2C01ED3605D00C2C8AC /* 020.png in Resources */,
				A5F6E2CE1ED3605D00C2C8AC /* 036.png in Resources */,
				A5F6E2AF1ED3605D00C2C8AC /* 003.png in Resources */,
				A5F6E2D11ED3605D00C2C8AC /* 039.png in Resources */,
				A5F6E2AE1ED3605D00C2C8AC /* 002.png in Resources */,
				A5F6E2AC1ED3605D00C2C8AC /* 000.png in Resources */,
				A5F6E2B31ED3605D00C2C8AC /* 007.png in Resources */,
				A5F6E2E21ED3605D00C2C8AC /* 056.png in Resources */,
				A5F6E2B81ED3605D00C2C8AC /* 012.png in Resources */,
				A5F6E2E91ED3605D00C2C8AC /* 063.png in Resources */,
				A5F6E2E61ED3605D00C2C8AC /* 060.png in Resources */,
				A5F6E2DF1ED3605D00C2C8AC /* 053.png in Resources */,
				A56F2E491EC5D9E900DCF2D2 /* LaunchScreen.storyboard in Resources */,
				A5F6E2491ED1A9EA00C2C8AC /* YYHChooseTypeView.xib in Resources */,
				A5F6E2C21ED3605D00C2C8AC /* 022.png in Resources */,
				A5F6E2B91ED3605D00C2C8AC /* 013.png in Resources */,
				A5F6E2EB1ED3605D00C2C8AC /* 065.png in Resources */,
				A5F6E2BC1ED3605D00C2C8AC /* 016.png in Resources */,
				A5F6E24B1ED1B08100C2C8AC /* YYHHomeViewController.storyboard in Resources */,
				A5F6E2BD1ED3605D00C2C8AC /* 017.png in Resources */,
				A5F6E2D71ED3605D00C2C8AC /* 045.png in Resources */,
				A5F6E2EA1ED3605D00C2C8AC /* 064.png in Resources */,
				A5F6E2B71ED3605D00C2C8AC /* 011.png in Resources */,
				A5F6E2E31ED3605D00C2C8AC /* 057.png in Resources */,
				A5F6E2BA1ED3605D00C2C8AC /* 014.png in Resources */,
				A5F6E2C71ED3605D00C2C8AC /* 029.png in Resources */,
				A5F6E2DE1ED3605D00C2C8AC /* 052.png in Resources */,
				A5F6E2D81ED3605D00C2C8AC /* 046.png in Resources */,
				A5F6E2CF1ED3605D00C2C8AC /* 037.png in Resources */,
				A5F6E2C31ED3605D00C2C8AC /* 024.png in Resources */,
				A53175931EDEBFDC00821472 /* YYHWrongCell.xib in Resources */,
				A5F6E2D21ED3605D00C2C8AC /* 040.png in Resources */,
				A5F6E2EC1ED3605D00C2C8AC /* 24.png in Resources */,
				A5F6E2D01ED3605D00C2C8AC /* 038.png in Resources */,
				A56F2E461EC5D9E900DCF2D2 /* Assets.xcassets in Resources */,
				A5F6E2CC1ED3605D00C2C8AC /* 034.png in Resources */,
				A5F6E2C61ED3605D00C2C8AC /* 028.png in Resources */,
				A5F6E2F11ED5890300C2C8AC /* YYHCatagoriesCell.xib in Resources */,
				A5F6E2BE1ED3605D00C2C8AC /* 018.png in Resources */,
				A5F6E2E51ED3605D00C2C8AC /* 059.png in Resources */,
				A5F6E2BB1ED3605D00C2C8AC /* 015.png in Resources */,
				A5F6E2B41ED3605D00C2C8AC /* 008.png in Resources */,
				A5F6E2661ED355B100C2C8AC /* YYHQuestionsCollectionViewCell.xib in Resources */,
				A5F6E2D41ED3605D00C2C8AC /* 042.png in Resources */,
				A5F6E2C81ED3605D00C2C8AC /* 030.png in Resources */,
				A5F6E2E81ED3605D00C2C8AC /* 062.png in Resources */,
				A5F6E2DA1ED3605D00C2C8AC /* 048.png in Resources */,
				A5F6E2E11ED3605D00C2C8AC /* 055.png in Resources */,
				A5F6E2E01ED3605D00C2C8AC /* 054.png in Resources */,
				A5F6E2C51ED3605D00C2C8AC /* 027.png in Resources */,
				A5F6E2C91ED3605D00C2C8AC /* 031.png in Resources */,
				A56F2E441EC5D9E900DCF2D2 /* Main.storyboard in Resources */,
				A5F6E2D61ED3605D00C2C8AC /* 044.png in Resources */,
				A5F6E2DD1ED3605D00C2C8AC /* 051.png in Resources */,
				A5F6E2C11ED3605D00C2C8AC /* 021.png in Resources */,
				A5FC77F51EE1A5AC00BF41D8 /* YYHShowRightViewController.xib in Resources */,
				A5F6E25A1ED3379700C2C8AC /* 正确.plist in Resources */,
				A5F6E2D31ED3605D00C2C8AC /* 041.png in Resources */,
				A5F6E25B1ED3379700C2C8AC /* 中文版问题.plist in Resources */,
				A5F6E2AD1ED3605D00C2C8AC /* 001.png in Resources */,
			);
			runOnlyForDeploymentPostprocessing = 0;
		};
/* End PBXResourcesBuildPhase section */

/* Begin PBXSourcesBuildPhase section */
		A56F2E321EC5D9E900DCF2D2 /* Sources */ = {
			isa = PBXSourcesBuildPhase;
			buildActionMask = 2147483647;
			files = (
				A5F6E16F1ECDC27100C2C8AC /* main.m in Sources */,
				A507D1891EE14FBA00FDC5CE /* YYHStatictisController.m in Sources */,
				A5F6E1A91ECDD49A00C2C8AC /* MJFoundation.m in Sources */,
				A5F6E1B41ECDD4F900C2C8AC /* YYHQuestionItem.m in Sources */,
				A5F6E1A81ECDD49A00C2C8AC /* MJExtensionConst.m in Sources */,
				A5F6E2691ED3576E00C2C8AC /* YYHAnswerButton.m in Sources */,
				A5F6E17C1ECDC77600C2C8AC /* UIImage+WithoutRendering.m in Sources */,
				A5F6E17F1ECDC7BB00C2C8AC /* YYHConst.m in Sources */,
				A5F6E1721ECDC6B800C2C8AC /* YYHTabBarViewController.m in Sources */,
				A5F6E17B1ECDC77600C2C8AC /* UIBarButtonItem+YYHBarButton.m in Sources */,
				A5F6E1AF1ECDD49A00C2C8AC /* NSObject+MJKeyValue.m in Sources */,
				A5F6E2471ED1A9E200C2C8AC /* YYHChooseTypeView.m in Sources */,
				A5F6E1831ECDCA7C00C2C8AC /* UIView+YYHFrame.m in Sources */,
				A5F6E1AD1ECDD49A00C2C8AC /* NSObject+MJClass.m in Sources */,
				A5F6E1751ECDC6D600C2C8AC /* YYHNavigationController.m in Sources */,
				A5FC77F41EE1A5AC00BF41D8 /* YYHShowRightViewController.m in Sources */,
				A5F6E1B11ECDD49A00C2C8AC /* NSString+MJExtension.m in Sources */,
				A5F6E18C1ECDCC9D00C2C8AC /* YYHHomeViewController.m in Sources */,
				A5F6E16E1ECDC27000C2C8AC /* AppDelegate.m in Sources */,
				A53175921EDEBFDC00821472 /* YYHWrongCell.m in Sources */,
				A5F6E1891ECDCB3400C2C8AC /* YYHSettingController.m in Sources */,
				A5F6E1AC1ECDD49A00C2C8AC /* MJPropertyType.m in Sources */,
				A5F6E1B01ECDD49A00C2C8AC /* NSObject+MJProperty.m in Sources */,
				A5F6E2511ED25C0C00C2C8AC /* YYHCatagoriesViewController.m in Sources */,
				A5F6E1AE1ECDD49A00C2C8AC /* NSObject+MJCoding.m in Sources */,
				A5F6E1AA1ECDD49A00C2C8AC /* MJProperty.m in Sources */,
				A5F6E1A71ECDD49A00C2C8AC /* MJDictionaryCache.m in Sources */,
				A5F6E2651ED355B100C2C8AC /* YYHQuestionsCollectionViewCell.m in Sources */,
				A5F6E2611ED3556900C2C8AC /* YYHQuestionsCollectionViewController.m in Sources */,
				A5F6E2F01ED5890300C2C8AC /* YYHCatagoriesCell.m in Sources */,
				A5F6E1AB1ECDD49A00C2C8AC /* MJPropertyKey.m in Sources */,
				A5F6E24E1ED1B91A00C2C8AC /* YYHButtonOnChooseTyepView.m in Sources */,
			);
			runOnlyForDeploymentPostprocessing = 0;
		};
/* End PBXSourcesBuildPhase section */

/* Begin PBXVariantGroup section */
		A56F2E421EC5D9E900DCF2D2 /* Main.storyboard */ = {
			isa = PBXVariantGroup;
			children = (
				A56F2E431EC5D9E900DCF2D2 /* Base */,
			);
			name = Main.storyboard;
			sourceTree = "<group>";
		};
		A56F2E471EC5D9E900DCF2D2 /* LaunchScreen.storyboard */ = {
			isa = PBXVariantGroup;
			children = (
				A56F2E481EC5D9E900DCF2D2 /* Base */,
			);
			name = LaunchScreen.storyboard;
			sourceTree = "<group>";
		};
/* End PBXVariantGroup section */

/* Begin XCBuildConfiguration section */
		A56F2E4B1EC5D9E900DCF2D2 /* Debug */ = {
			isa = XCBuildConfiguration;
			buildSettings = {
				ALWAYS_SEARCH_USER_PATHS = NO;
				CLANG_ANALYZER_NONNULL = YES;
				CLANG_CXX_LANGUAGE_STANDARD = "gnu++0x";
				CLANG_CXX_LIBRARY = "libc++";
				CLANG_ENABLE_MODULES = YES;
				CLANG_ENABLE_OBJC_ARC = YES;
				CLANG_WARN_BOOL_CONVERSION = YES;
				CLANG_WARN_CONSTANT_CONVERSION = YES;
				CLANG_WARN_DIRECT_OBJC_ISA_USAGE = YES_ERROR;
				CLANG_WARN_DOCUMENTATION_COMMENTS = YES;
				CLANG_WARN_EMPTY_BODY = YES;
				CLANG_WARN_ENUM_CONVERSION = YES;
				CLANG_WARN_INFINITE_RECURSION = YES;
				CLANG_WARN_INT_CONVERSION = YES;
				CLANG_WARN_OBJC_ROOT_CLASS = YES_ERROR;
				CLANG_WARN_SUSPICIOUS_MOVE = YES;
				CLANG_WARN_UNREACHABLE_CODE = YES;
				CLANG_WARN__DUPLICATE_METHOD_MATCH = YES;
				"CODE_SIGN_IDENTITY[sdk=iphoneos*]" = "iPhone Developer";
				COPY_PHASE_STRIP = NO;
				DEBUG_INFORMATION_FORMAT = dwarf;
				ENABLE_STRICT_OBJC_MSGSEND = YES;
				ENABLE_TESTABILITY = YES;
				GCC_C_LANGUAGE_STANDARD = gnu99;
				GCC_DYNAMIC_NO_PIC = NO;
				GCC_NO_COMMON_BLOCKS = YES;
				GCC_OPTIMIZATION_LEVEL = 0;
				GCC_PREPROCESSOR_DEFINITIONS = (
					"DEBUG=1",
					"$(inherited)",
				);
				GCC_WARN_64_TO_32_BIT_CONVERSION = YES;
				GCC_WARN_ABOUT_RETURN_TYPE = YES_ERROR;
				GCC_WARN_UNDECLARED_SELECTOR = YES;
				GCC_WARN_UNINITIALIZED_AUTOS = YES_AGGRESSIVE;
				GCC_WARN_UNUSED_FUNCTION = YES;
				GCC_WARN_UNUSED_VARIABLE = YES;
				IPHONEOS_DEPLOYMENT_TARGET = 10.2;
				MTL_ENABLE_DEBUG_INFO = YES;
				ONLY_ACTIVE_ARCH = YES;
				SDKROOT = iphoneos;
			};
			name = Debug;
		};
		A56F2E4C1EC5D9E900DCF2D2 /* Release */ = {
			isa = XCBuildConfiguration;
			buildSettings = {
				ALWAYS_SEARCH_USER_PATHS = NO;
				CLANG_ANALYZER_NONNULL = YES;
				CLANG_CXX_LANGUAGE_STANDARD = "gnu++0x";
				CLANG_CXX_LIBRARY = "libc++";
				CLANG_ENABLE_MODULES = YES;
				CLANG_ENABLE_OBJC_ARC = YES;
				CLANG_WARN_BOOL_CONVERSION = YES;
				CLANG_WARN_CONSTANT_CONVERSION = YES;
				CLANG_WARN_DIRECT_OBJC_ISA_USAGE = YES_ERROR;
				CLANG_WARN_DOCUMENTATION_COMMENTS = YES;
				CLANG_WARN_EMPTY_BODY = YES;
				CLANG_WARN_ENUM_CONVERSION = YES;
				CLANG_WARN_INFINITE_RECURSION = YES;
				CLANG_WARN_INT_CONVERSION = YES;
				CLANG_WARN_OBJC_ROOT_CLASS = YES_ERROR;
				CLANG_WARN_SUSPICIOUS_MOVE = YES;
				CLANG_WARN_UNREACHABLE_CODE = YES;
				CLANG_WARN__DUPLICATE_METHOD_MATCH = YES;
				"CODE_SIGN_IDENTITY[sdk=iphoneos*]" = "iPhone Developer";
				COPY_PHASE_STRIP = NO;
				DEBUG_INFORMATION_FORMAT = "dwarf-with-dsym";
				ENABLE_NS_ASSERTIONS = NO;
				ENABLE_STRICT_OBJC_MSGSEND = YES;
				GCC_C_LANGUAGE_STANDARD = gnu99;
				GCC_NO_COMMON_BLOCKS = YES;
				GCC_WARN_64_TO_32_BIT_CONVERSION = YES;
				GCC_WARN_ABOUT_RETURN_TYPE = YES_ERROR;
				GCC_WARN_UNDECLARED_SELECTOR = YES;
				GCC_WARN_UNINITIALIZED_AUTOS = YES_AGGRESSIVE;
				GCC_WARN_UNUSED_FUNCTION = YES;
				GCC_WARN_UNUSED_VARIABLE = YES;
				IPHONEOS_DEPLOYMENT_TARGET = 10.2;
				MTL_ENABLE_DEBUG_INFO = NO;
				SDKROOT = iphoneos;
				VALIDATE_PRODUCT = YES;
			};
			name = Release;
		};
		A56F2E4E1EC5D9E900DCF2D2 /* Debug */ = {
			isa = XCBuildConfiguration;
			buildSettings = {
				ASSETCATALOG_COMPILER_APPICON_NAME = AppIcon;
				DEVELOPMENT_TEAM = GA7XQJP4M7;
				GCC_PRECOMPILE_PREFIX_HEADER = YES;
				GCC_PREFIX_HEADER = "NZ Driving Test/Classes/Other/NZ Driving Test.pch";
				INFOPLIST_FILE = "NZ Driving Test/Info.plist";
				IPHONEOS_DEPLOYMENT_TARGET = 9.0;
				LD_RUNPATH_SEARCH_PATHS = "$(inherited) @executable_path/Frameworks";
				PRODUCT_BUNDLE_IDENTIFIER = "com.NZ-Driving-Test";
				PRODUCT_NAME = "$(TARGET_NAME)";
				TARGETED_DEVICE_FAMILY = 1;
			};
			name = Debug;
		};
		A56F2E4F1EC5D9E900DCF2D2 /* Release */ = {
			isa = XCBuildConfiguration;
			buildSettings = {
				ASSETCATALOG_COMPILER_APPICON_NAME = AppIcon;
				DEVELOPMENT_TEAM = GA7XQJP4M7;
				GCC_PRECOMPILE_PREFIX_HEADER = YES;
				GCC_PREFIX_HEADER = "NZ Driving Test/Classes/Other/NZ Driving Test.pch";
				INFOPLIST_FILE = "NZ Driving Test/Info.plist";
				IPHONEOS_DEPLOYMENT_TARGET = 9.0;
				LD_RUNPATH_SEARCH_PATHS = "$(inherited) @executable_path/Frameworks";
				PRODUCT_BUNDLE_IDENTIFIER = "com.NZ-Driving-Test";
				PRODUCT_NAME = "$(TARGET_NAME)";
				TARGETED_DEVICE_FAMILY = 1;
			};
			name = Release;
		};
/* End XCBuildConfiguration section */

/* Begin XCConfigurationList section */
		A56F2E311EC5D9E900DCF2D2 /* Build configuration list for PBXProject "NZ Driving Test" */ = {
			isa = XCConfigurationList;
			buildConfigurations = (
				A56F2E4B1EC5D9E900DCF2D2 /* Debug */,
				A56F2E4C1EC5D9E900DCF2D2 /* Release */,
			);
			defaultConfigurationIsVisible = 0;
			defaultConfigurationName = Release;
		};
		A56F2E4D1EC5D9E900DCF2D2 /* Build configuration list for PBXNativeTarget "NZ Driving Test" */ = {
			isa = XCConfigurationList;
			buildConfigurations = (
				A56F2E4E1EC5D9E900DCF2D2 /* Debug */,
				A56F2E4F1EC5D9E900DCF2D2 /* Release */,
			);
			defaultConfigurationIsVisible = 0;
			defaultConfigurationName = Release;
		};
/* End XCConfigurationList section */
	};
	rootObject = A56F2E2E1EC5D9E900DCF2D2 /* Project object */;
}
